// !$*UTF8*$!
{
	archiveVersion = 1;
	classes = {
	};
	objectVersion = 46;
	objects = {

/* Begin PBXBuildFile section */
		1849CD4416228132001CCFE6 /* LH_CustomSearchBar.h in Headers */ = {isa = PBXBuildFile; fileRef = 1849CD4216228132001CCFE6 /* LH_CustomSearchBar.h */; };
		1849CD4516228132001CCFE6 /* LH_CustomSearchBar.m in Sources */ = {isa = PBXBuildFile; fileRef = 1849CD4316228132001CCFE6 /* LH_CustomSearchBar.m */; };
		184C4FDD16217D4D0008475F /* LH_InputButton.h in Headers */ = {isa = PBXBuildFile; fileRef = 184C4FDB16217D4D0008475F /* LH_InputButton.h */; };
		184C4FDE16217D4D0008475F /* LH_InputButton.m in Sources */ = {isa = PBXBuildFile; fileRef = 184C4FDC16217D4D0008475F /* LH_InputButton.m */; };
		1850CC3D16226C0E001955EA /* LH_RequestParser.h in Headers */ = {isa = PBXBuildFile; fileRef = 1850CC3B16226C0E001955EA /* LH_RequestParser.h */; };
		1850CC3E16226C0E001955EA /* LH_RequestParser.m in Sources */ = {isa = PBXBuildFile; fileRef = 1850CC3C16226C0E001955EA /* LH_RequestParser.m */; };
		1850CC4316226D2C001955EA /* LH_BarButtonItem.h in Headers */ = {isa = PBXBuildFile; fileRef = 1850CC4116226D2C001955EA /* LH_BarButtonItem.h */; };
		1850CC4416226D2C001955EA /* LH_BarButtonItem.m in Sources */ = {isa = PBXBuildFile; fileRef = 1850CC4216226D2C001955EA /* LH_BarButtonItem.m */; };
		1850CC4816226D86001955EA /* LH_BaseViewController.h in Headers */ = {isa = PBXBuildFile; fileRef = 1850CC4516226D86001955EA /* LH_BaseViewController.h */; };
		1850CC4916226D86001955EA /* LH_BaseViewController.m in Sources */ = {isa = PBXBuildFile; fileRef = 1850CC4616226D86001955EA /* LH_BaseViewController.m */; };
		1850CC4D16226E99001955EA /* LH_SinaWeiboViewController.h in Headers */ = {isa = PBXBuildFile; fileRef = 1850CC4A16226E99001955EA /* LH_SinaWeiboViewController.h */; };
		1850CC4E16226E99001955EA /* LH_SinaWeiboViewController.m in Sources */ = {isa = PBXBuildFile; fileRef = 1850CC4B16226E99001955EA /* LH_SinaWeiboViewController.m */; };
		1850CC5316226FB0001955EA /* LH_RefrashViewController.h in Headers */ = {isa = PBXBuildFile; fileRef = 1850CC5016226FB0001955EA /* LH_RefrashViewController.h */; };
		1850CC5416226FB0001955EA /* LH_RefrashViewController.m in Sources */ = {isa = PBXBuildFile; fileRef = 1850CC5116226FB0001955EA /* LH_RefrashViewController.m */; };
		1850CC5716226FDD001955EA /* LH_RefrashView.h in Headers */ = {isa = PBXBuildFile; fileRef = 1850CC5516226FDD001955EA /* LH_RefrashView.h */; };
		1850CC5816226FDD001955EA /* LH_RefrashView.m in Sources */ = {isa = PBXBuildFile; fileRef = 1850CC5616226FDD001955EA /* LH_RefrashView.m */; };
		1850CC65162270DE001955EA /* LH_TabbarItem.h in Headers */ = {isa = PBXBuildFile; fileRef = 1850CC63162270DE001955EA /* LH_TabbarItem.h */; };
		1850CC66162270DE001955EA /* LH_TabbarItem.m in Sources */ = {isa = PBXBuildFile; fileRef = 1850CC64162270DE001955EA /* LH_TabbarItem.m */; };
		1850CC6A16227142001955EA /* LH_TabbarViewController.h in Headers */ = {isa = PBXBuildFile; fileRef = 1850CC6816227142001955EA /* LH_TabbarViewController.h */; };
		1850CC6B16227142001955EA /* LH_TabbarViewController.m in Sources */ = {isa = PBXBuildFile; fileRef = 1850CC6916227142001955EA /* LH_TabbarViewController.m */; };
		1850CC8C16227443001955EA /* JSON.h in Headers */ = {isa = PBXBuildFile; fileRef = 1850CC7F16227443001955EA /* JSON.h */; };
		1850CC8D16227443001955EA /* NSObject+SBJSON.h in Headers */ = {isa = PBXBuildFile; fileRef = 1850CC8016227443001955EA /* NSObject+SBJSON.h */; };
		1850CC8E16227443001955EA /* NSObject+SBJSON.m in Sources */ = {isa = PBXBuildFile; fileRef = 1850CC8116227443001955EA /* NSObject+SBJSON.m */; };
		1850CC8F16227443001955EA /* NSString+SBJSON.h in Headers */ = {isa = PBXBuildFile; fileRef = 1850CC8216227443001955EA /* NSString+SBJSON.h */; };
		1850CC9016227443001955EA /* NSString+SBJSON.m in Sources */ = {isa = PBXBuildFile; fileRef = 1850CC8316227443001955EA /* NSString+SBJSON.m */; };
		1850CC9116227443001955EA /* SBJSON.h in Headers */ = {isa = PBXBuildFile; fileRef = 1850CC8416227443001955EA /* SBJSON.h */; };
		1850CC9216227443001955EA /* SBJSON.m in Sources */ = {isa = PBXBuildFile; fileRef = 1850CC8516227443001955EA /* SBJSON.m */; };
		1850CC9316227443001955EA /* SBJsonBase.h in Headers */ = {isa = PBXBuildFile; fileRef = 1850CC8616227443001955EA /* SBJsonBase.h */; };
		1850CC9416227443001955EA /* SBJsonBase.m in Sources */ = {isa = PBXBuildFile; fileRef = 1850CC8716227443001955EA /* SBJsonBase.m */; };
		1850CC9516227443001955EA /* SBJsonParser.h in Headers */ = {isa = PBXBuildFile; fileRef = 1850CC8816227443001955EA /* SBJsonParser.h */; };
		1850CC9616227443001955EA /* SBJsonParser.m in Sources */ = {isa = PBXBuildFile; fileRef = 1850CC8916227443001955EA /* SBJsonParser.m */; };
		1850CC9716227443001955EA /* SBJsonWriter.h in Headers */ = {isa = PBXBuildFile; fileRef = 1850CC8A16227443001955EA /* SBJsonWriter.h */; };
		1850CC9816227443001955EA /* SBJsonWriter.m in Sources */ = {isa = PBXBuildFile; fileRef = 1850CC8B16227443001955EA /* SBJsonWriter.m */; };
		1850CCCC1622746B001955EA /* GTMBase64.h in Headers */ = {isa = PBXBuildFile; fileRef = 1850CC9F1622746B001955EA /* GTMBase64.h */; };
		1850CCCD1622746B001955EA /* GTMBase64.m in Sources */ = {isa = PBXBuildFile; fileRef = 1850CCA01622746B001955EA /* GTMBase64.m */; };
		1850CCCE1622746B001955EA /* GTMDefines.h in Headers */ = {isa = PBXBuildFile; fileRef = 1850CCA11622746B001955EA /* GTMDefines.h */; };
		1850CCCF1622746B001955EA /* SFHFKeychainUtils.h in Headers */ = {isa = PBXBuildFile; fileRef = 1850CCB61622746B001955EA /* SFHFKeychainUtils.h */; };
		1850CCD01622746B001955EA /* SFHFKeychainUtils.m in Sources */ = {isa = PBXBuildFile; fileRef = 1850CCB71622746B001955EA /* SFHFKeychainUtils.m */; };
		1850CCD11622746B001955EA /* WBAuthorize.h in Headers */ = {isa = PBXBuildFile; fileRef = 1850CCB81622746B001955EA /* WBAuthorize.h */; };
		1850CCD21622746B001955EA /* WBAuthorize.m in Sources */ = {isa = PBXBuildFile; fileRef = 1850CCB91622746B001955EA /* WBAuthorize.m */; };
		1850CCD31622746B001955EA /* WBAuthorizeWebView.h in Headers */ = {isa = PBXBuildFile; fileRef = 1850CCBA1622746B001955EA /* WBAuthorizeWebView.h */; };
		1850CCD41622746B001955EA /* WBAuthorizeWebView.m in Sources */ = {isa = PBXBuildFile; fileRef = 1850CCBB1622746B001955EA /* WBAuthorizeWebView.m */; };
		1850CCD51622746B001955EA /* WBEngine.h in Headers */ = {isa = PBXBuildFile; fileRef = 1850CCBC1622746B001955EA /* WBEngine.h */; };
		1850CCD61622746B001955EA /* WBEngine.m in Sources */ = {isa = PBXBuildFile; fileRef = 1850CCBD1622746B001955EA /* WBEngine.m */; };
		1850CCD71622746B001955EA /* WBLogInAlertView.h in Headers */ = {isa = PBXBuildFile; fileRef = 1850CCBE1622746B001955EA /* WBLogInAlertView.h */; };
		1850CCD81622746B001955EA /* WBLogInAlertView.m in Sources */ = {isa = PBXBuildFile; fileRef = 1850CCBF1622746B001955EA /* WBLogInAlertView.m */; };
		1850CCD91622746B001955EA /* WBRequest.h in Headers */ = {isa = PBXBuildFile; fileRef = 1850CCC01622746B001955EA /* WBRequest.h */; };
		1850CCDA1622746B001955EA /* WBRequest.m in Sources */ = {isa = PBXBuildFile; fileRef = 1850CCC11622746B001955EA /* WBRequest.m */; };
		1850CCDB1622746B001955EA /* WBSDKGlobal.h in Headers */ = {isa = PBXBuildFile; fileRef = 1850CCC21622746B001955EA /* WBSDKGlobal.h */; };
		1850CCDC1622746B001955EA /* WBSendView.h in Headers */ = {isa = PBXBuildFile; fileRef = 1850CCC31622746B001955EA /* WBSendView.h */; };
		1850CCDD1622746B001955EA /* WBSendView.m in Sources */ = {isa = PBXBuildFile; fileRef = 1850CCC41622746B001955EA /* WBSendView.m */; };
		1850CCDE1622746B001955EA /* WBUtil.h in Headers */ = {isa = PBXBuildFile; fileRef = 1850CCC51622746B001955EA /* WBUtil.h */; };
		1850CCDF1622746B001955EA /* WBUtil.m in Sources */ = {isa = PBXBuildFile; fileRef = 1850CCC61622746B001955EA /* WBUtil.m */; };
		1850CCE01622746B001955EA /* SinaWeiBoSDK-Prefix.pch in Headers */ = {isa = PBXBuildFile; fileRef = 1850CCC91622746B001955EA /* SinaWeiBoSDK-Prefix.pch */; };
		1850CCE11622746B001955EA /* SinaWeiBoSDK.h in Headers */ = {isa = PBXBuildFile; fileRef = 1850CCCA1622746B001955EA /* SinaWeiBoSDK.h */; };
		1850CCE21622746B001955EA /* SinaWeiBoSDK.m in Sources */ = {isa = PBXBuildFile; fileRef = 1850CCCB1622746B001955EA /* SinaWeiBoSDK.m */; };
		1850CD0816227695001955EA /* MyAnnotation.h in Headers */ = {isa = PBXBuildFile; fileRef = 1850CCEA16227695001955EA /* MyAnnotation.h */; };
		1850CD0916227695001955EA /* MyAnnotation.m in Sources */ = {isa = PBXBuildFile; fileRef = 1850CCEB16227695001955EA /* MyAnnotation.m */; };
		1850CD0A16227695001955EA /* BMapKit.h in Headers */ = {isa = PBXBuildFile; fileRef = 1850CCEC16227695001955EA /* BMapKit.h */; };
		1850CD0B16227695001955EA /* BMKAnnotation.h in Headers */ = {isa = PBXBuildFile; fileRef = 1850CCED16227695001955EA /* BMKAnnotation.h */; };
		1850CD0C16227695001955EA /* BMKAnnotationView.h in Headers */ = {isa = PBXBuildFile; fileRef = 1850CCEE16227695001955EA /* BMKAnnotationView.h */; };
		1850CD0D16227695001955EA /* BMKCircle.h in Headers */ = {isa = PBXBuildFile; fileRef = 1850CCEF16227695001955EA /* BMKCircle.h */; };
		1850CD0E16227695001955EA /* BMKCircleView.h in Headers */ = {isa = PBXBuildFile; fileRef = 1850CCF016227695001955EA /* BMKCircleView.h */; };
		1850CD0F16227695001955EA /* BMKGeneralDelegate.h in Headers */ = {isa = PBXBuildFile; fileRef = 1850CCF116227695001955EA /* BMKGeneralDelegate.h */; };
		1850CD1016227695001955EA /* BMKGeocodeType.h in Headers */ = {isa = PBXBuildFile; fileRef = 1850CCF216227695001955EA /* BMKGeocodeType.h */; };
		1850CD1116227695001955EA /* BMKGeometry.h in Headers */ = {isa = PBXBuildFile; fileRef = 1850CCF316227695001955EA /* BMKGeometry.h */; };
		1850CD1216227695001955EA /* BMKMapManager.h in Headers */ = {isa = PBXBuildFile; fileRef = 1850CCF416227695001955EA /* BMKMapManager.h */; };
		1850CD1316227695001955EA /* BMKMapView.h in Headers */ = {isa = PBXBuildFile; fileRef = 1850CCF516227695001955EA /* BMKMapView.h */; };
		1850CD1416227695001955EA /* BMKMultiPoint.h in Headers */ = {isa = PBXBuildFile; fileRef = 1850CCF616227695001955EA /* BMKMultiPoint.h */; };
		1850CD1516227695001955EA /* BMKOverlay.h in Headers */ = {isa = PBXBuildFile; fileRef = 1850CCF716227695001955EA /* BMKOverlay.h */; };
		1850CD1616227695001955EA /* BMKOverlayPathView.h in Headers */ = {isa = PBXBuildFile; fileRef = 1850CCF816227695001955EA /* BMKOverlayPathView.h */; };
		1850CD1716227695001955EA /* BMKOverlayView.h in Headers */ = {isa = PBXBuildFile; fileRef = 1850CCF916227695001955EA /* BMKOverlayView.h */; };
		1850CD1816227695001955EA /* BMKPinAnnotationView.h in Headers */ = {isa = PBXBuildFile; fileRef = 1850CCFA16227695001955EA /* BMKPinAnnotationView.h */; };
		1850CD1916227695001955EA /* BMKPointAnnotation.h in Headers */ = {isa = PBXBuildFile; fileRef = 1850CCFB16227695001955EA /* BMKPointAnnotation.h */; };
		1850CD1A16227695001955EA /* BMKPoiSearchType.h in Headers */ = {isa = PBXBuildFile; fileRef = 1850CCFC16227695001955EA /* BMKPoiSearchType.h */; };
		1850CD1B16227695001955EA /* BMKPolygon.h in Headers */ = {isa = PBXBuildFile; fileRef = 1850CCFD16227695001955EA /* BMKPolygon.h */; };
		1850CD1C16227695001955EA /* BMKPolygonView.h in Headers */ = {isa = PBXBuildFile; fileRef = 1850CCFE16227695001955EA /* BMKPolygonView.h */; };
		1850CD1D16227695001955EA /* BMKPolyline.h in Headers */ = {isa = PBXBuildFile; fileRef = 1850CCFF16227695001955EA /* BMKPolyline.h */; };
		1850CD1E16227695001955EA /* BMKPolylineView.h in Headers */ = {isa = PBXBuildFile; fileRef = 1850CD0016227695001955EA /* BMKPolylineView.h */; };
		1850CD1F16227695001955EA /* BMKRouteSearchType.h in Headers */ = {isa = PBXBuildFile; fileRef = 1850CD0116227695001955EA /* BMKRouteSearchType.h */; };
		1850CD2016227695001955EA /* BMKSearch.h in Headers */ = {isa = PBXBuildFile; fileRef = 1850CD0216227695001955EA /* BMKSearch.h */; };
		1850CD2116227695001955EA /* BMKShape.h in Headers */ = {isa = PBXBuildFile; fileRef = 1850CD0316227695001955EA /* BMKShape.h */; };
		1850CD2216227695001955EA /* BMKTypes.h in Headers */ = {isa = PBXBuildFile; fileRef = 1850CD0416227695001955EA /* BMKTypes.h */; };
		1850CD2316227695001955EA /* BMKUserLocation.h in Headers */ = {isa = PBXBuildFile; fileRef = 1850CD0516227695001955EA /* BMKUserLocation.h */; };
		1850CD2416227695001955EA /* BMKVersion.h in Headers */ = {isa = PBXBuildFile; fileRef = 1850CD0616227695001955EA /* BMKVersion.h */; };
		1877F7A716215D4C00686230 /* UIImage+CustomSize.h in Headers */ = {isa = PBXBuildFile; fileRef = 1877F7A516215D4C00686230 /* UIImage+CustomSize.h */; };
		1877F7A816215D4C00686230 /* UIImage+CustomSize.m in Sources */ = {isa = PBXBuildFile; fileRef = 1877F7A616215D4C00686230 /* UIImage+CustomSize.m */; };
		1877F7CE16215EFB00686230 /* LH_HtmlColor.h in Headers */ = {isa = PBXBuildFile; fileRef = 1877F7CC16215EFB00686230 /* LH_HtmlColor.h */; };
		1877F7CF16215EFB00686230 /* LH_HtmlColor.m in Sources */ = {isa = PBXBuildFile; fileRef = 1877F7CD16215EFB00686230 /* LH_HtmlColor.m */; };
		1877F7D116215F8A00686230 /* UIKit.framework in Frameworks */ = {isa = PBXBuildFile; fileRef = 1877F7D016215F8A00686230 /* UIKit.framework */; };
		1877F7D4162161D300686230 /* LH_SearchBar.h in Headers */ = {isa = PBXBuildFile; fileRef = 1877F7D2162161D300686230 /* LH_SearchBar.h */; };
		1877F7D5162161D300686230 /* LH_SearchBar.m in Sources */ = {isa = PBXBuildFile; fileRef = 1877F7D3162161D300686230 /* LH_SearchBar.m */; };
		1877F7D7162161F900686230 /* QuartzCore.framework in Frameworks */ = {isa = PBXBuildFile; fileRef = 1877F7D6162161F900686230 /* QuartzCore.framework */; };
		1877F7DD1621636000686230 /* LH_ScrollView+CustomScrollBar.h in Headers */ = {isa = PBXBuildFile; fileRef = 1877F7DB1621636000686230 /* LH_ScrollView+CustomScrollBar.h */; };
		1877F7DE1621636000686230 /* LH_ScrollView+CustomScrollBar.m in Sources */ = {isa = PBXBuildFile; fileRef = 1877F7DC1621636000686230 /* LH_ScrollView+CustomScrollBar.m */; };
		1877F7E5162164BD00686230 /* LH_WebView.h in Headers */ = {isa = PBXBuildFile; fileRef = 1877F7E3162164BD00686230 /* LH_WebView.h */; };
		1877F7E6162164BD00686230 /* LH_WebView.m in Sources */ = {isa = PBXBuildFile; fileRef = 1877F7E4162164BD00686230 /* LH_WebView.m */; };
		1877F7E91621651600686230 /* RegexKitLite.h in Headers */ = {isa = PBXBuildFile; fileRef = 1877F7E71621651600686230 /* RegexKitLite.h */; };
		1877F7EA1621651600686230 /* RegexKitLite.m in Sources */ = {isa = PBXBuildFile; fileRef = 1877F7E81621651600686230 /* RegexKitLite.m */; };
		1877F7EE1621657500686230 /* LHProgressHUD.h in Headers */ = {isa = PBXBuildFile; fileRef = 1877F7EC1621657500686230 /* LHProgressHUD.h */; };
		1877F7EF1621657500686230 /* LHProgressHUD.m in Sources */ = {isa = PBXBuildFile; fileRef = 1877F7ED1621657500686230 /* LHProgressHUD.m */; };
		1877F7F2162165B000686230 /* LH_NativeLoadingView.h in Headers */ = {isa = PBXBuildFile; fileRef = 1877F7F0162165AF00686230 /* LH_NativeLoadingView.h */; };
		1877F7F3162165B000686230 /* LH_NativeLoadingView.m in Sources */ = {isa = PBXBuildFile; fileRef = 1877F7F1162165AF00686230 /* LH_NativeLoadingView.m */; };
		1877F7F7162166DA00686230 /* LH_TableView.h in Headers */ = {isa = PBXBuildFile; fileRef = 1877F7F5162166DA00686230 /* LH_TableView.h */; };
		1877F7F8162166DA00686230 /* LH_TableView.m in Sources */ = {isa = PBXBuildFile; fileRef = 1877F7F6162166DA00686230 /* LH_TableView.m */; };
		1877F8171621688B00686230 /* LH_TreeNode.h in Headers */ = {isa = PBXBuildFile; fileRef = 1877F8151621688B00686230 /* LH_TreeNode.h */; };
		1877F8181621688B00686230 /* LH_TreeNode.m in Sources */ = {isa = PBXBuildFile; fileRef = 1877F8161621688B00686230 /* LH_TreeNode.m */; };
		1877F81B1621695C00686230 /* LH_TreeViewCell.h in Headers */ = {isa = PBXBuildFile; fileRef = 1877F8191621695C00686230 /* LH_TreeViewCell.h */; };
		1877F81C1621695C00686230 /* LH_TreeViewCell.m in Sources */ = {isa = PBXBuildFile; fileRef = 1877F81A1621695C00686230 /* LH_TreeViewCell.m */; };
		1877F81F16216AB400686230 /* LH_TreeViewController.h in Headers */ = {isa = PBXBuildFile; fileRef = 1877F81D16216AB400686230 /* LH_TreeViewController.h */; };
		1877F82016216AB400686230 /* LH_TreeViewController.m in Sources */ = {isa = PBXBuildFile; fileRef = 1877F81E16216AB400686230 /* LH_TreeViewController.m */; };
		1877F8B516216ED400686230 /* LH_ImageCache.h in Headers */ = {isa = PBXBuildFile; fileRef = 1877F8B316216ED400686230 /* LH_ImageCache.h */; };
		1877F8B616216ED400686230 /* LH_ImageCache.m in Sources */ = {isa = PBXBuildFile; fileRef = 1877F8B416216ED400686230 /* LH_ImageCache.m */; };
		1877F8BC16216F7400686230 /* LH_ImageLoader.h in Headers */ = {isa = PBXBuildFile; fileRef = 1877F8BA16216F7400686230 /* LH_ImageLoader.h */; };
		1877F8BD16216F7400686230 /* LH_ImageLoader.m in Sources */ = {isa = PBXBuildFile; fileRef = 1877F8BB16216F7400686230 /* LH_ImageLoader.m */; };
		1877F8C016216F8300686230 /* LH_ImageButton.h in Headers */ = {isa = PBXBuildFile; fileRef = 1877F8BE16216F8300686230 /* LH_ImageButton.h */; };
		1877F8C116216F8300686230 /* LH_ImageButton.m in Sources */ = {isa = PBXBuildFile; fileRef = 1877F8BF16216F8300686230 /* LH_ImageButton.m */; };
		1877F8C516216FA700686230 /* LH_ImageView.h in Headers */ = {isa = PBXBuildFile; fileRef = 1877F8C316216FA700686230 /* LH_ImageView.h */; };
		1877F8C616216FA700686230 /* LH_ImageView.m in Sources */ = {isa = PBXBuildFile; fileRef = 1877F8C416216FA700686230 /* LH_ImageView.m */; };
		1877F8C9162170B200686230 /* LH_ImageLoadConnection.h in Headers */ = {isa = PBXBuildFile; fileRef = 1877F8C7162170B100686230 /* LH_ImageLoadConnection.h */; };
		1877F8CA162170B200686230 /* LH_ImageLoadConnection.m in Sources */ = {isa = PBXBuildFile; fileRef = 1877F8C8162170B200686230 /* LH_ImageLoadConnection.m */; };
		1877F8CE16217A7D00686230 /* LH_DataBase.h in Headers */ = {isa = PBXBuildFile; fileRef = 1877F8CC16217A7D00686230 /* LH_DataBase.h */; };
		1877F8CF16217A7D00686230 /* LH_DataBase.m in Sources */ = {isa = PBXBuildFile; fileRef = 1877F8CD16217A7D00686230 /* LH_DataBase.m */; };
		1877F8D116217ACD00686230 /* PlausibleDatabase.framework in Frameworks */ = {isa = PBXBuildFile; fileRef = 1877F8D016217ACD00686230 /* PlausibleDatabase.framework */; };
		1877F8D416217B2600686230 /* LH_ParserNode.h in Headers */ = {isa = PBXBuildFile; fileRef = 1877F8D216217B2500686230 /* LH_ParserNode.h */; };
		1877F8D516217B2600686230 /* LH_ParserNode.m in Sources */ = {isa = PBXBuildFile; fileRef = 1877F8D316217B2500686230 /* LH_ParserNode.m */; };
		1877F8D816217B3D00686230 /* LH_XMLParser.h in Headers */ = {isa = PBXBuildFile; fileRef = 1877F8D616217B3D00686230 /* LH_XMLParser.h */; };
		1877F8D916217B3D00686230 /* LH_XMLParser.m in Sources */ = {isa = PBXBuildFile; fileRef = 1877F8D716217B3D00686230 /* LH_XMLParser.m */; };
		18E3F4B616212E93008C4311 /* Foundation.framework in Frameworks */ = {isa = PBXBuildFile; fileRef = 18E3F4B516212E93008C4311 /* Foundation.framework */; };
		18E3F4C416212EA2008C4311 /* LH_Library.m in Sources */ = {isa = PBXBuildFile; fileRef = 18E3F4C216212EA2008C4311 /* LH_Library.m */; };
		18E3F4C516212EA2008C4311 /* LH_Library.h in Headers */ = {isa = PBXBuildFile; fileRef = 18E3F4C316212EA2008C4311 /* LH_Library.h */; };
		18F6E2DF16227815004556AE /* MapKit.framework in Frameworks */ = {isa = PBXBuildFile; fileRef = 18F6E2DE16227815004556AE /* MapKit.framework */; };
		18F6E2F1162278AD004556AE /* libbaidumapapi-simulator.a in Frameworks */ = {isa = PBXBuildFile; fileRef = 18F6E2EF162278AD004556AE /* libbaidumapapi-simulator.a */; };
		18F6E2F2162278AD004556AE /* libbaidumapapi.a in Frameworks */ = {isa = PBXBuildFile; fileRef = 18F6E2F0162278AD004556AE /* libbaidumapapi.a */; };
/* End PBXBuildFile section */

/* Begin PBXFileReference section */
		1849CD4216228132001CCFE6 /* LH_CustomSearchBar.h */ = {isa = PBXFileReference; fileEncoding = 4; lastKnownFileType = sourcecode.c.h; path = LH_CustomSearchBar.h; sourceTree = "<group>"; };
		1849CD4316228132001CCFE6 /* LH_CustomSearchBar.m */ = {isa = PBXFileReference; fileEncoding = 4; lastKnownFileType = sourcecode.c.objc; path = LH_CustomSearchBar.m; sourceTree = "<group>"; };
		184C4FDB16217D4D0008475F /* LH_InputButton.h */ = {isa = PBXFileReference; fileEncoding = 4; lastKnownFileType = sourcecode.c.h; path = LH_InputButton.h; sourceTree = "<group>"; };
		184C4FDC16217D4D0008475F /* LH_InputButton.m */ = {isa = PBXFileReference; fileEncoding = 4; lastKnownFileType = sourcecode.c.objc; path = LH_InputButton.m; sourceTree = "<group>"; };
		1850CC3B16226C0E001955EA /* LH_RequestParser.h */ = {isa = PBXFileReference; fileEncoding = 4; lastKnownFileType = sourcecode.c.h; path = LH_RequestParser.h; sourceTree = "<group>"; };
		1850CC3C16226C0E001955EA /* LH_RequestParser.m */ = {isa = PBXFileReference; fileEncoding = 4; lastKnownFileType = sourcecode.c.objc; path = LH_RequestParser.m; sourceTree = "<group>"; };
		1850CC4116226D2C001955EA /* LH_BarButtonItem.h */ = {isa = PBXFileReference; fileEncoding = 4; lastKnownFileType = sourcecode.c.h; path = LH_BarButtonItem.h; sourceTree = "<group>"; };
		1850CC4216226D2C001955EA /* LH_BarButtonItem.m */ = {isa = PBXFileReference; fileEncoding = 4; lastKnownFileType = sourcecode.c.objc; path = LH_BarButtonItem.m; sourceTree = "<group>"; };
		1850CC4516226D86001955EA /* LH_BaseViewController.h */ = {isa = PBXFileReference; fileEncoding = 4; lastKnownFileType = sourcecode.c.h; path = LH_BaseViewController.h; sourceTree = "<group>"; };
		1850CC4616226D86001955EA /* LH_BaseViewController.m */ = {isa = PBXFileReference; fileEncoding = 4; lastKnownFileType = sourcecode.c.objc; path = LH_BaseViewController.m; sourceTree = "<group>"; };
		1850CC4716226D86001955EA /* LH_BaseViewController.xib */ = {isa = PBXFileReference; fileEncoding = 4; lastKnownFileType = file.xib; path = LH_BaseViewController.xib; sourceTree = "<group>"; };
		1850CC4A16226E99001955EA /* LH_SinaWeiboViewController.h */ = {isa = PBXFileReference; fileEncoding = 4; lastKnownFileType = sourcecode.c.h; path = LH_SinaWeiboViewController.h; sourceTree = "<group>"; };
		1850CC4B16226E99001955EA /* LH_SinaWeiboViewController.m */ = {isa = PBXFileReference; fileEncoding = 4; lastKnownFileType = sourcecode.c.objc; path = LH_SinaWeiboViewController.m; sourceTree = "<group>"; };
		1850CC4C16226E99001955EA /* LH_SinaWeiboViewController.xib */ = {isa = PBXFileReference; fileEncoding = 4; lastKnownFileType = file.xib; path = LH_SinaWeiboViewController.xib; sourceTree = "<group>"; };
		1850CC5016226FB0001955EA /* LH_RefrashViewController.h */ = {isa = PBXFileReference; fileEncoding = 4; lastKnownFileType = sourcecode.c.h; path = LH_RefrashViewController.h; sourceTree = "<group>"; };
		1850CC5116226FB0001955EA /* LH_RefrashViewController.m */ = {isa = PBXFileReference; fileEncoding = 4; lastKnownFileType = sourcecode.c.objc; path = LH_RefrashViewController.m; sourceTree = "<group>"; };
		1850CC5516226FDD001955EA /* LH_RefrashView.h */ = {isa = PBXFileReference; fileEncoding = 4; lastKnownFileType = sourcecode.c.h; path = LH_RefrashView.h; sourceTree = "<group>"; };
		1850CC5616226FDD001955EA /* LH_RefrashView.m */ = {isa = PBXFileReference; fileEncoding = 4; lastKnownFileType = sourcecode.c.objc; path = LH_RefrashView.m; sourceTree = "<group>"; };
		1850CC5A16227092001955EA /* grayArrow.png */ = {isa = PBXFileReference; lastKnownFileType = image.png; path = grayArrow.png; sourceTree = "<group>"; };
		1850CC5B16227092001955EA /* grayArrow@2x.png */ = {isa = PBXFileReference; lastKnownFileType = image.png; path = "grayArrow@2x.png"; sourceTree = "<group>"; };
		1850CC5C16227092001955EA /* blackArrow.png */ = {isa = PBXFileReference; lastKnownFileType = image.png; path = blackArrow.png; sourceTree = "<group>"; };
		1850CC5D16227092001955EA /* blackArrow@2x.png */ = {isa = PBXFileReference; lastKnownFileType = image.png; path = "blackArrow@2x.png"; sourceTree = "<group>"; };
		1850CC5E16227092001955EA /* blueArrow.png */ = {isa = PBXFileReference; lastKnownFileType = image.png; path = blueArrow.png; sourceTree = "<group>"; };
		1850CC5F16227092001955EA /* blueArrow@2x.png */ = {isa = PBXFileReference; lastKnownFileType = image.png; path = "blueArrow@2x.png"; sourceTree = "<group>"; };
		1850CC6016227092001955EA /* whiteArrow.png */ = {isa = PBXFileReference; lastKnownFileType = image.png; path = whiteArrow.png; sourceTree = "<group>"; };
		1850CC6116227092001955EA /* whiteArrow@2x.png */ = {isa = PBXFileReference; lastKnownFileType = image.png; path = "whiteArrow@2x.png"; sourceTree = "<group>"; };
		1850CC63162270DE001955EA /* LH_TabbarItem.h */ = {isa = PBXFileReference; fileEncoding = 4; lastKnownFileType = sourcecode.c.h; path = LH_TabbarItem.h; sourceTree = "<group>"; };
		1850CC64162270DE001955EA /* LH_TabbarItem.m */ = {isa = PBXFileReference; fileEncoding = 4; lastKnownFileType = sourcecode.c.objc; path = LH_TabbarItem.m; sourceTree = "<group>"; };
		1850CC6816227142001955EA /* LH_TabbarViewController.h */ = {isa = PBXFileReference; fileEncoding = 4; lastKnownFileType = sourcecode.c.h; path = LH_TabbarViewController.h; sourceTree = "<group>"; };
		1850CC6916227142001955EA /* LH_TabbarViewController.m */ = {isa = PBXFileReference; fileEncoding = 4; lastKnownFileType = sourcecode.c.objc; path = LH_TabbarViewController.m; sourceTree = "<group>"; };
		1850CC7F16227443001955EA /* JSON.h */ = {isa = PBXFileReference; fileEncoding = 4; lastKnownFileType = sourcecode.c.h; path = JSON.h; sourceTree = "<group>"; };
		1850CC8016227443001955EA /* NSObject+SBJSON.h */ = {isa = PBXFileReference; fileEncoding = 4; lastKnownFileType = sourcecode.c.h; path = "NSObject+SBJSON.h"; sourceTree = "<group>"; };
		1850CC8116227443001955EA /* NSObject+SBJSON.m */ = {isa = PBXFileReference; fileEncoding = 4; lastKnownFileType = sourcecode.c.objc; path = "NSObject+SBJSON.m"; sourceTree = "<group>"; };
		1850CC8216227443001955EA /* NSString+SBJSON.h */ = {isa = PBXFileReference; fileEncoding = 4; lastKnownFileType = sourcecode.c.h; path = "NSString+SBJSON.h"; sourceTree = "<group>"; };
		1850CC8316227443001955EA /* NSString+SBJSON.m */ = {isa = PBXFileReference; fileEncoding = 4; lastKnownFileType = sourcecode.c.objc; path = "NSString+SBJSON.m"; sourceTree = "<group>"; };
		1850CC8416227443001955EA /* SBJSON.h */ = {isa = PBXFileReference; fileEncoding = 4; lastKnownFileType = sourcecode.c.h; path = SBJSON.h; sourceTree = "<group>"; };
		1850CC8516227443001955EA /* SBJSON.m */ = {isa = PBXFileReference; fileEncoding = 4; lastKnownFileType = sourcecode.c.objc; path = SBJSON.m; sourceTree = "<group>"; };
		1850CC8616227443001955EA /* SBJsonBase.h */ = {isa = PBXFileReference; fileEncoding = 4; lastKnownFileType = sourcecode.c.h; path = SBJsonBase.h; sourceTree = "<group>"; };
		1850CC8716227443001955EA /* SBJsonBase.m */ = {isa = PBXFileReference; fileEncoding = 4; lastKnownFileType = sourcecode.c.objc; path = SBJsonBase.m; sourceTree = "<group>"; };
		1850CC8816227443001955EA /* SBJsonParser.h */ = {isa = PBXFileReference; fileEncoding = 4; lastKnownFileType = sourcecode.c.h; path = SBJsonParser.h; sourceTree = "<group>"; };
		1850CC8916227443001955EA /* SBJsonParser.m */ = {isa = PBXFileReference; fileEncoding = 4; lastKnownFileType = sourcecode.c.objc; path = SBJsonParser.m; sourceTree = "<group>"; };
		1850CC8A16227443001955EA /* SBJsonWriter.h */ = {isa = PBXFileReference; fileEncoding = 4; lastKnownFileType = sourcecode.c.h; path = SBJsonWriter.h; sourceTree = "<group>"; };
		1850CC8B16227443001955EA /* SBJsonWriter.m */ = {isa = PBXFileReference; fileEncoding = 4; lastKnownFileType = sourcecode.c.objc; path = SBJsonWriter.m; sourceTree = "<group>"; };
		1850CC9F1622746B001955EA /* GTMBase64.h */ = {isa = PBXFileReference; fileEncoding = 4; lastKnownFileType = sourcecode.c.h; path = GTMBase64.h; sourceTree = "<group>"; };
		1850CCA01622746B001955EA /* GTMBase64.m */ = {isa = PBXFileReference; fileEncoding = 4; lastKnownFileType = sourcecode.c.objc; path = GTMBase64.m; sourceTree = "<group>"; };
		1850CCA11622746B001955EA /* GTMDefines.h */ = {isa = PBXFileReference; fileEncoding = 4; lastKnownFileType = sourcecode.c.h; path = GTMDefines.h; sourceTree = "<group>"; };
		1850CCA31622746B001955EA /* en */ = {isa = PBXFileReference; lastKnownFileType = text.plist.strings; name = en; path = en.lproj/Localizable.strings; sourceTree = "<group>"; };
		1850CCA61622746B001955EA /* bg.png */ = {isa = PBXFileReference; lastKnownFileType = image.png; path = bg.png; sourceTree = "<group>"; };
		1850CCA71622746B001955EA /* bg@2x.png */ = {isa = PBXFileReference; lastKnownFileType = image.png; path = "bg@2x.png"; sourceTree = "<group>"; };
		1850CCA81622746B001955EA /* bg_land.png */ = {isa = PBXFileReference; lastKnownFileType = image.png; path = bg_land.png; sourceTree = "<group>"; };
		1850CCA91622746B001955EA /* bg_land@2x.png */ = {isa = PBXFileReference; lastKnownFileType = image.png; path = "bg_land@2x.png"; sourceTree = "<group>"; };
		1850CCAA1622746B001955EA /* btn.png */ = {isa = PBXFileReference; lastKnownFileType = image.png; path = btn.png; sourceTree = "<group>"; };
		1850CCAB1622746B001955EA /* btn@2x.png */ = {isa = PBXFileReference; lastKnownFileType = image.png; path = "btn@2x.png"; sourceTree = "<group>"; };
		1850CCAC1622746B001955EA /* close.png */ = {isa = PBXFileReference; lastKnownFileType = image.png; path = close.png; sourceTree = "<group>"; };
		1850CCAD1622746B001955EA /* close@2x.png */ = {isa = PBXFileReference; lastKnownFileType = image.png; path = "close@2x.png"; sourceTree = "<group>"; };
		1850CCAE1622746B001955EA /* close_btn.png */ = {isa = PBXFileReference; lastKnownFileType = image.png; path = close_btn.png; sourceTree = "<group>"; };
		1850CCAF1622746B001955EA /* close_btn@2x.png */ = {isa = PBXFileReference; lastKnownFileType = image.png; path = "close_btn@2x.png"; sourceTree = "<group>"; };
		1850CCB01622746B001955EA /* delete.png */ = {isa = PBXFileReference; lastKnownFileType = image.png; path = delete.png; sourceTree = "<group>"; };
		1850CCB11622746B001955EA /* delete@2x.png */ = {isa = PBXFileReference; lastKnownFileType = image.png; path = "delete@2x.png"; sourceTree = "<group>"; };
		1850CCB21622746B001955EA /* logo.png */ = {isa = PBXFileReference; lastKnownFileType = image.png; path = logo.png; sourceTree = "<group>"; };
		1850CCB31622746B001955EA /* logo@2x.png */ = {isa = PBXFileReference; lastKnownFileType = image.png; path = "logo@2x.png"; sourceTree = "<group>"; };
		1850CCB61622746B001955EA /* SFHFKeychainUtils.h */ = {isa = PBXFileReference; fileEncoding = 4; lastKnownFileType = sourcecode.c.h; path = SFHFKeychainUtils.h; sourceTree = "<group>"; };
		1850CCB71622746B001955EA /* SFHFKeychainUtils.m */ = {isa = PBXFileReference; fileEncoding = 4; lastKnownFileType = sourcecode.c.objc; path = SFHFKeychainUtils.m; sourceTree = "<group>"; };
		1850CCB81622746B001955EA /* WBAuthorize.h */ = {isa = PBXFileReference; fileEncoding = 4; lastKnownFileType = sourcecode.c.h; path = WBAuthorize.h; sourceTree = "<group>"; };
		1850CCB91622746B001955EA /* WBAuthorize.m */ = {isa = PBXFileReference; fileEncoding = 4; lastKnownFileType = sourcecode.c.objc; path = WBAuthorize.m; sourceTree = "<group>"; };
		1850CCBA1622746B001955EA /* WBAuthorizeWebView.h */ = {isa = PBXFileReference; fileEncoding = 4; lastKnownFileType = sourcecode.c.h; path = WBAuthorizeWebView.h; sourceTree = "<group>"; };
		1850CCBB1622746B001955EA /* WBAuthorizeWebView.m */ = {isa = PBXFileReference; fileEncoding = 4; lastKnownFileType = sourcecode.c.objc; path = WBAuthorizeWebView.m; sourceTree = "<group>"; };
		1850CCBC1622746B001955EA /* WBEngine.h */ = {isa = PBXFileReference; fileEncoding = 4; lastKnownFileType = sourcecode.c.h; path = WBEngine.h; sourceTree = "<group>"; };
		1850CCBD1622746B001955EA /* WBEngine.m */ = {isa = PBXFileReference; fileEncoding = 4; lastKnownFileType = sourcecode.c.objc; path = WBEngine.m; sourceTree = "<group>"; };
		1850CCBE1622746B001955EA /* WBLogInAlertView.h */ = {isa = PBXFileReference; fileEncoding = 4; lastKnownFileType = sourcecode.c.h; path = WBLogInAlertView.h; sourceTree = "<group>"; };
		1850CCBF1622746B001955EA /* WBLogInAlertView.m */ = {isa = PBXFileReference; fileEncoding = 4; lastKnownFileType = sourcecode.c.objc; path = WBLogInAlertView.m; sourceTree = "<group>"; };
		1850CCC01622746B001955EA /* WBRequest.h */ = {isa = PBXFileReference; fileEncoding = 4; lastKnownFileType = sourcecode.c.h; path = WBRequest.h; sourceTree = "<group>"; };
		1850CCC11622746B001955EA /* WBRequest.m */ = {isa = PBXFileReference; fileEncoding = 4; lastKnownFileType = sourcecode.c.objc; path = WBRequest.m; sourceTree = "<group>"; };
		1850CCC21622746B001955EA /* WBSDKGlobal.h */ = {isa = PBXFileReference; fileEncoding = 4; lastKnownFileType = sourcecode.c.h; path = WBSDKGlobal.h; sourceTree = "<group>"; };
		1850CCC31622746B001955EA /* WBSendView.h */ = {isa = PBXFileReference; fileEncoding = 4; lastKnownFileType = sourcecode.c.h; path = WBSendView.h; sourceTree = "<group>"; };
		1850CCC41622746B001955EA /* WBSendView.m */ = {isa = PBXFileReference; fileEncoding = 4; lastKnownFileType = sourcecode.c.objc; path = WBSendView.m; sourceTree = "<group>"; };
		1850CCC51622746B001955EA /* WBUtil.h */ = {isa = PBXFileReference; fileEncoding = 4; lastKnownFileType = sourcecode.c.h; path = WBUtil.h; sourceTree = "<group>"; };
		1850CCC61622746B001955EA /* WBUtil.m */ = {isa = PBXFileReference; fileEncoding = 4; lastKnownFileType = sourcecode.c.objc; path = WBUtil.m; sourceTree = "<group>"; };
		1850CCC71622746B001955EA /* zh-Hans */ = {isa = PBXFileReference; lastKnownFileType = text.plist.strings; name = "zh-Hans"; path = "zh-Hans.lproj/Localizable.strings"; sourceTree = "<group>"; };
		1850CCC81622746B001955EA /* zh-Hant */ = {isa = PBXFileReference; lastKnownFileType = text.plist.strings; name = "zh-Hant"; path = "zh-Hant.lproj/Localizable.strings"; sourceTree = "<group>"; };
		1850CCC91622746B001955EA /* SinaWeiBoSDK-Prefix.pch */ = {isa = PBXFileReference; fileEncoding = 4; lastKnownFileType = sourcecode.c.h; path = "SinaWeiBoSDK-Prefix.pch"; sourceTree = "<group>"; };
		1850CCCA1622746B001955EA /* SinaWeiBoSDK.h */ = {isa = PBXFileReference; fileEncoding = 4; lastKnownFileType = sourcecode.c.h; path = SinaWeiBoSDK.h; sourceTree = "<group>"; };
		1850CCCB1622746B001955EA /* SinaWeiBoSDK.m */ = {isa = PBXFileReference; fileEncoding = 4; lastKnownFileType = sourcecode.c.objc; path = SinaWeiBoSDK.m; sourceTree = "<group>"; };
		1850CCEA16227695001955EA /* MyAnnotation.h */ = {isa = PBXFileReference; fileEncoding = 4; lastKnownFileType = sourcecode.c.h; path = MyAnnotation.h; sourceTree = "<group>"; };
		1850CCEB16227695001955EA /* MyAnnotation.m */ = {isa = PBXFileReference; fileEncoding = 4; lastKnownFileType = sourcecode.c.objc; path = MyAnnotation.m; sourceTree = "<group>"; };
		1850CCEC16227695001955EA /* BMapKit.h */ = {isa = PBXFileReference; fileEncoding = 4; lastKnownFileType = sourcecode.c.h; path = BMapKit.h; sourceTree = "<group>"; };
		1850CCED16227695001955EA /* BMKAnnotation.h */ = {isa = PBXFileReference; fileEncoding = 4; lastKnownFileType = sourcecode.c.h; path = BMKAnnotation.h; sourceTree = "<group>"; };
		1850CCEE16227695001955EA /* BMKAnnotationView.h */ = {isa = PBXFileReference; fileEncoding = 4; lastKnownFileType = sourcecode.c.h; path = BMKAnnotationView.h; sourceTree = "<group>"; };
		1850CCEF16227695001955EA /* BMKCircle.h */ = {isa = PBXFileReference; fileEncoding = 4; lastKnownFileType = sourcecode.c.h; path = BMKCircle.h; sourceTree = "<group>"; };
		1850CCF016227695001955EA /* BMKCircleView.h */ = {isa = PBXFileReference; fileEncoding = 4; lastKnownFileType = sourcecode.c.h; path = BMKCircleView.h; sourceTree = "<group>"; };
		1850CCF116227695001955EA /* BMKGeneralDelegate.h */ = {isa = PBXFileReference; fileEncoding = 4; lastKnownFileType = sourcecode.c.h; path = BMKGeneralDelegate.h; sourceTree = "<group>"; };
		1850CCF216227695001955EA /* BMKGeocodeType.h */ = {isa = PBXFileReference; fileEncoding = 4; lastKnownFileType = sourcecode.c.h; path = BMKGeocodeType.h; sourceTree = "<group>"; };
		1850CCF316227695001955EA /* BMKGeometry.h */ = {isa = PBXFileReference; fileEncoding = 4; lastKnownFileType = sourcecode.c.h; path = BMKGeometry.h; sourceTree = "<group>"; };
		1850CCF416227695001955EA /* BMKMapManager.h */ = {isa = PBXFileReference; fileEncoding = 4; lastKnownFileType = sourcecode.c.h; path = BMKMapManager.h; sourceTree = "<group>"; };
		1850CCF516227695001955EA /* BMKMapView.h */ = {isa = PBXFileReference; fileEncoding = 4; lastKnownFileType = sourcecode.c.h; path = BMKMapView.h; sourceTree = "<group>"; };
		1850CCF616227695001955EA /* BMKMultiPoint.h */ = {isa = PBXFileReference; fileEncoding = 4; lastKnownFileType = sourcecode.c.h; path = BMKMultiPoint.h; sourceTree = "<group>"; };
		1850CCF716227695001955EA /* BMKOverlay.h */ = {isa = PBXFileReference; fileEncoding = 4; lastKnownFileType = sourcecode.c.h; path = BMKOverlay.h; sourceTree = "<group>"; };
		1850CCF816227695001955EA /* BMKOverlayPathView.h */ = {isa = PBXFileReference; fileEncoding = 4; lastKnownFileType = sourcecode.c.h; path = BMKOverlayPathView.h; sourceTree = "<group>"; };
		1850CCF916227695001955EA /* BMKOverlayView.h */ = {isa = PBXFileReference; fileEncoding = 4; lastKnownFileType = sourcecode.c.h; path = BMKOverlayView.h; sourceTree = "<group>"; };
		1850CCFA16227695001955EA /* BMKPinAnnotationView.h */ = {isa = PBXFileReference; fileEncoding = 4; lastKnownFileType = sourcecode.c.h; path = BMKPinAnnotationView.h; sourceTree = "<group>"; };
		1850CCFB16227695001955EA /* BMKPointAnnotation.h */ = {isa = PBXFileReference; fileEncoding = 4; lastKnownFileType = sourcecode.c.h; path = BMKPointAnnotation.h; sourceTree = "<group>"; };
		1850CCFC16227695001955EA /* BMKPoiSearchType.h */ = {isa = PBXFileReference; fileEncoding = 4; lastKnownFileType = sourcecode.c.h; path = BMKPoiSearchType.h; sourceTree = "<group>"; };
		1850CCFD16227695001955EA /* BMKPolygon.h */ = {isa = PBXFileReference; fileEncoding = 4; lastKnownFileType = sourcecode.c.h; path = BMKPolygon.h; sourceTree = "<group>"; };
		1850CCFE16227695001955EA /* BMKPolygonView.h */ = {isa = PBXFileReference; fileEncoding = 4; lastKnownFileType = sourcecode.c.h; path = BMKPolygonView.h; sourceTree = "<group>"; };
		1850CCFF16227695001955EA /* BMKPolyline.h */ = {isa = PBXFileReference; fileEncoding = 4; lastKnownFileType = sourcecode.c.h; path = BMKPolyline.h; sourceTree = "<group>"; };
		1850CD0016227695001955EA /* BMKPolylineView.h */ = {isa = PBXFileReference; fileEncoding = 4; lastKnownFileType = sourcecode.c.h; path = BMKPolylineView.h; sourceTree = "<group>"; };
		1850CD0116227695001955EA /* BMKRouteSearchType.h */ = {isa = PBXFileReference; fileEncoding = 4; lastKnownFileType = sourcecode.c.h; path = BMKRouteSearchType.h; sourceTree = "<group>"; };
		1850CD0216227695001955EA /* BMKSearch.h */ = {isa = PBXFileReference; fileEncoding = 4; lastKnownFileType = sourcecode.c.h; path = BMKSearch.h; sourceTree = "<group>"; };
		1850CD0316227695001955EA /* BMKShape.h */ = {isa = PBXFileReference; fileEncoding = 4; lastKnownFileType = sourcecode.c.h; path = BMKShape.h; sourceTree = "<group>"; };
		1850CD0416227695001955EA /* BMKTypes.h */ = {isa = PBXFileReference; fileEncoding = 4; lastKnownFileType = sourcecode.c.h; path = BMKTypes.h; sourceTree = "<group>"; };
		1850CD0516227695001955EA /* BMKUserLocation.h */ = {isa = PBXFileReference; fileEncoding = 4; lastKnownFileType = sourcecode.c.h; path = BMKUserLocation.h; sourceTree = "<group>"; };
		1850CD0616227695001955EA /* BMKVersion.h */ = {isa = PBXFileReference; fileEncoding = 4; lastKnownFileType = sourcecode.c.h; path = BMKVersion.h; sourceTree = "<group>"; };
		1850CD0716227695001955EA /* mapapi.bundle */ = {isa = PBXFileReference; lastKnownFileType = "wrapper.plug-in"; path = mapapi.bundle; sourceTree = "<group>"; };
		1877F7A516215D4C00686230 /* UIImage+CustomSize.h */ = {isa = PBXFileReference; fileEncoding = 4; lastKnownFileType = sourcecode.c.h; path = "UIImage+CustomSize.h"; sourceTree = "<group>"; };
		1877F7A616215D4C00686230 /* UIImage+CustomSize.m */ = {isa = PBXFileReference; fileEncoding = 4; lastKnownFileType = sourcecode.c.objc; path = "UIImage+CustomSize.m"; sourceTree = "<group>"; };
		1877F7CC16215EFB00686230 /* LH_HtmlColor.h */ = {isa = PBXFileReference; fileEncoding = 4; lastKnownFileType = sourcecode.c.h; path = LH_HtmlColor.h; sourceTree = "<group>"; };
		1877F7CD16215EFB00686230 /* LH_HtmlColor.m */ = {isa = PBXFileReference; fileEncoding = 4; lastKnownFileType = sourcecode.c.objc; path = LH_HtmlColor.m; sourceTree = "<group>"; };
		1877F7D016215F8A00686230 /* UIKit.framework */ = {isa = PBXFileReference; lastKnownFileType = wrapper.framework; name = UIKit.framework; path = System/Library/Frameworks/UIKit.framework; sourceTree = SDKROOT; };
		1877F7D2162161D300686230 /* LH_SearchBar.h */ = {isa = PBXFileReference; fileEncoding = 4; lastKnownFileType = sourcecode.c.h; path = LH_SearchBar.h; sourceTree = "<group>"; };
		1877F7D3162161D300686230 /* LH_SearchBar.m */ = {isa = PBXFileReference; fileEncoding = 4; lastKnownFileType = sourcecode.c.objc; path = LH_SearchBar.m; sourceTree = "<group>"; };
		1877F7D6162161F900686230 /* QuartzCore.framework */ = {isa = PBXFileReference; lastKnownFileType = wrapper.framework; name = QuartzCore.framework; path = System/Library/Frameworks/QuartzCore.framework; sourceTree = SDKROOT; };
		1877F7D81621627E00686230 /* searchbg.png */ = {isa = PBXFileReference; lastKnownFileType = image.png; path = searchbg.png; sourceTree = "<group>"; };
		1877F7D91621629700686230 /* search.png */ = {isa = PBXFileReference; lastKnownFileType = image.png; path = search.png; sourceTree = "<group>"; };
		1877F7DA1621629700686230 /* search1.png */ = {isa = PBXFileReference; lastKnownFileType = image.png; path = search1.png; sourceTree = "<group>"; };
		1877F7DB1621636000686230 /* LH_ScrollView+CustomScrollBar.h */ = {isa = PBXFileReference; fileEncoding = 4; lastKnownFileType = sourcecode.c.h; path = "LH_ScrollView+CustomScrollBar.h"; sourceTree = "<group>"; };
		1877F7DC1621636000686230 /* LH_ScrollView+CustomScrollBar.m */ = {isa = PBXFileReference; fileEncoding = 4; lastKnownFileType = sourcecode.c.objc; path = "LH_ScrollView+CustomScrollBar.m"; sourceTree = "<group>"; };
		1877F7E01621646C00686230 /* scroll_v.png */ = {isa = PBXFileReference; lastKnownFileType = image.png; path = scroll_v.png; sourceTree = "<group>"; };
		1877F7E11621646C00686230 /* scroll_h.png */ = {isa = PBXFileReference; lastKnownFileType = image.png; path = scroll_h.png; sourceTree = "<group>"; };
		1877F7E3162164BD00686230 /* LH_WebView.h */ = {isa = PBXFileReference; fileEncoding = 4; lastKnownFileType = sourcecode.c.h; path = LH_WebView.h; sourceTree = "<group>"; };
		1877F7E4162164BD00686230 /* LH_WebView.m */ = {isa = PBXFileReference; fileEncoding = 4; lastKnownFileType = sourcecode.c.objc; path = LH_WebView.m; sourceTree = "<group>"; };
		1877F7E71621651600686230 /* RegexKitLite.h */ = {isa = PBXFileReference; fileEncoding = 4; lastKnownFileType = sourcecode.c.h; path = RegexKitLite.h; sourceTree = "<group>"; };
		1877F7E81621651600686230 /* RegexKitLite.m */ = {isa = PBXFileReference; fileEncoding = 4; lastKnownFileType = sourcecode.c.objc; path = RegexKitLite.m; sourceTree = "<group>"; };
		1877F7EC1621657500686230 /* LHProgressHUD.h */ = {isa = PBXFileReference; fileEncoding = 4; lastKnownFileType = sourcecode.c.h; path = LHProgressHUD.h; sourceTree = "<group>"; };
		1877F7ED1621657500686230 /* LHProgressHUD.m */ = {isa = PBXFileReference; fileEncoding = 4; lastKnownFileType = sourcecode.c.objc; path = LHProgressHUD.m; sourceTree = "<group>"; };
		1877F7F0162165AF00686230 /* LH_NativeLoadingView.h */ = {isa = PBXFileReference; fileEncoding = 4; lastKnownFileType = sourcecode.c.h; path = LH_NativeLoadingView.h; sourceTree = "<group>"; };
		1877F7F1162165AF00686230 /* LH_NativeLoadingView.m */ = {isa = PBXFileReference; fileEncoding = 4; lastKnownFileType = sourcecode.c.objc; path = LH_NativeLoadingView.m; sourceTree = "<group>"; };
		1877F7F5162166DA00686230 /* LH_TableView.h */ = {isa = PBXFileReference; fileEncoding = 4; lastKnownFileType = sourcecode.c.h; path = LH_TableView.h; sourceTree = "<group>"; };
		1877F7F6162166DA00686230 /* LH_TableView.m */ = {isa = PBXFileReference; fileEncoding = 4; lastKnownFileType = sourcecode.c.objc; path = LH_TableView.m; sourceTree = "<group>"; };
		1877F8151621688B00686230 /* LH_TreeNode.h */ = {isa = PBXFileReference; fileEncoding = 4; lastKnownFileType = sourcecode.c.h; path = LH_TreeNode.h; sourceTree = "<group>"; };
		1877F8161621688B00686230 /* LH_TreeNode.m */ = {isa = PBXFileReference; fileEncoding = 4; lastKnownFileType = sourcecode.c.objc; path = LH_TreeNode.m; sourceTree = "<group>"; };
		1877F8191621695C00686230 /* LH_TreeViewCell.h */ = {isa = PBXFileReference; fileEncoding = 4; lastKnownFileType = sourcecode.c.h; path = LH_TreeViewCell.h; sourceTree = "<group>"; };
		1877F81A1621695C00686230 /* LH_TreeViewCell.m */ = {isa = PBXFileReference; fileEncoding = 4; lastKnownFileType = sourcecode.c.objc; path = LH_TreeViewCell.m; sourceTree = "<group>"; };
		1877F81D16216AB400686230 /* LH_TreeViewController.h */ = {isa = PBXFileReference; fileEncoding = 4; lastKnownFileType = sourcecode.c.h; path = LH_TreeViewController.h; sourceTree = "<group>"; };
		1877F81E16216AB400686230 /* LH_TreeViewController.m */ = {isa = PBXFileReference; fileEncoding = 4; lastKnownFileType = sourcecode.c.objc; path = LH_TreeViewController.m; sourceTree = "<group>"; };
		1877F8B316216ED400686230 /* LH_ImageCache.h */ = {isa = PBXFileReference; fileEncoding = 4; lastKnownFileType = sourcecode.c.h; path = LH_ImageCache.h; sourceTree = "<group>"; };
		1877F8B416216ED400686230 /* LH_ImageCache.m */ = {isa = PBXFileReference; fileEncoding = 4; lastKnownFileType = sourcecode.c.objc; path = LH_ImageCache.m; sourceTree = "<group>"; };
		1877F8BA16216F7400686230 /* LH_ImageLoader.h */ = {isa = PBXFileReference; fileEncoding = 4; lastKnownFileType = sourcecode.c.h; path = LH_ImageLoader.h; sourceTree = "<group>"; };
		1877F8BB16216F7400686230 /* LH_ImageLoader.m */ = {isa = PBXFileReference; fileEncoding = 4; lastKnownFileType = sourcecode.c.objc; path = LH_ImageLoader.m; sourceTree = "<group>"; };
		1877F8BE16216F8300686230 /* LH_ImageButton.h */ = {isa = PBXFileReference; fileEncoding = 4; lastKnownFileType = sourcecode.c.h; path = LH_ImageButton.h; sourceTree = "<group>"; };
		1877F8BF16216F8300686230 /* LH_ImageButton.m */ = {isa = PBXFileReference; fileEncoding = 4; lastKnownFileType = sourcecode.c.objc; path = LH_ImageButton.m; sourceTree = "<group>"; };
		1877F8C316216FA700686230 /* LH_ImageView.h */ = {isa = PBXFileReference; fileEncoding = 4; lastKnownFileType = sourcecode.c.h; path = LH_ImageView.h; sourceTree = "<group>"; };
		1877F8C416216FA700686230 /* LH_ImageView.m */ = {isa = PBXFileReference; fileEncoding = 4; lastKnownFileType = sourcecode.c.objc; path = LH_ImageView.m; sourceTree = "<group>"; };
		1877F8C7162170B100686230 /* LH_ImageLoadConnection.h */ = {isa = PBXFileReference; fileEncoding = 4; lastKnownFileType = sourcecode.c.h; path = LH_ImageLoadConnection.h; sourceTree = "<group>"; };
		1877F8C8162170B200686230 /* LH_ImageLoadConnection.m */ = {isa = PBXFileReference; fileEncoding = 4; lastKnownFileType = sourcecode.c.objc; path = LH_ImageLoadConnection.m; sourceTree = "<group>"; };
		1877F8CC16217A7D00686230 /* LH_DataBase.h */ = {isa = PBXFileReference; fileEncoding = 4; lastKnownFileType = sourcecode.c.h; path = LH_DataBase.h; sourceTree = "<group>"; };
		1877F8CD16217A7D00686230 /* LH_DataBase.m */ = {isa = PBXFileReference; fileEncoding = 4; lastKnownFileType = sourcecode.c.objc; path = LH_DataBase.m; sourceTree = "<group>"; };
		1877F8D016217ACD00686230 /* PlausibleDatabase.framework */ = {isa = PBXFileReference; lastKnownFileType = wrapper.framework; path = PlausibleDatabase.framework; sourceTree = "<group>"; };
		1877F8D216217B2500686230 /* LH_ParserNode.h */ = {isa = PBXFileReference; fileEncoding = 4; lastKnownFileType = sourcecode.c.h; path = LH_ParserNode.h; sourceTree = "<group>"; };
		1877F8D316217B2500686230 /* LH_ParserNode.m */ = {isa = PBXFileReference; fileEncoding = 4; lastKnownFileType = sourcecode.c.objc; path = LH_ParserNode.m; sourceTree = "<group>"; };
		1877F8D616217B3D00686230 /* LH_XMLParser.h */ = {isa = PBXFileReference; fileEncoding = 4; lastKnownFileType = sourcecode.c.h; path = LH_XMLParser.h; sourceTree = "<group>"; };
		1877F8D716217B3D00686230 /* LH_XMLParser.m */ = {isa = PBXFileReference; fileEncoding = 4; lastKnownFileType = sourcecode.c.objc; path = LH_XMLParser.m; sourceTree = "<group>"; };
		18E3F4B216212E93008C4311 /* libLH_Library.a */ = {isa = PBXFileReference; explicitFileType = archive.ar; includeInIndex = 0; path = libLH_Library.a; sourceTree = BUILT_PRODUCTS_DIR; };
		18E3F4B516212E93008C4311 /* Foundation.framework */ = {isa = PBXFileReference; lastKnownFileType = wrapper.framework; name = Foundation.framework; path = System/Library/Frameworks/Foundation.framework; sourceTree = SDKROOT; };
		18E3F4B916212E93008C4311 /* LH_Library-Prefix.pch */ = {isa = PBXFileReference; lastKnownFileType = sourcecode.c.h; path = "LH_Library-Prefix.pch"; sourceTree = "<group>"; };
		18E3F4C216212EA2008C4311 /* LH_Library.m */ = {isa = PBXFileReference; fileEncoding = 4; lastKnownFileType = sourcecode.c.objc; path = LH_Library.m; sourceTree = "<group>"; };
		18E3F4C316212EA2008C4311 /* LH_Library.h */ = {isa = PBXFileReference; fileEncoding = 4; lastKnownFileType = sourcecode.c.h; path = LH_Library.h; sourceTree = "<group>"; };
		18F6E2DE16227815004556AE /* MapKit.framework */ = {isa = PBXFileReference; lastKnownFileType = wrapper.framework; name = MapKit.framework; path = System/Library/Frameworks/MapKit.framework; sourceTree = SDKROOT; };
		18F6E2EF162278AD004556AE /* libbaidumapapi-simulator.a */ = {isa = PBXFileReference; lastKnownFileType = archive.ar; name = "libbaidumapapi-simulator.a"; path = "../companyproject/雅培/YaPeiAppProject/libbaidumapapi-simulator.a"; sourceTree = "<group>"; };
		18F6E2F0162278AD004556AE /* libbaidumapapi.a */ = {isa = PBXFileReference; lastKnownFileType = archive.ar; name = libbaidumapapi.a; path = "../companyproject/雅培/YaPeiAppProject/libbaidumapapi.a"; sourceTree = "<group>"; };
/* End PBXFileReference section */

/* Begin PBXFrameworksBuildPhase section */
		18E3F4AF16212E93008C4311 /* Frameworks */ = {
			isa = PBXFrameworksBuildPhase;
			buildActionMask = 2147483647;
			files = (
				18F6E2DF16227815004556AE /* MapKit.framework in Frameworks */,
				1877F7D7162161F900686230 /* QuartzCore.framework in Frameworks */,
				1877F7D116215F8A00686230 /* UIKit.framework in Frameworks */,
				18E3F4B616212E93008C4311 /* Foundation.framework in Frameworks */,
				1877F8D116217ACD00686230 /* PlausibleDatabase.framework in Frameworks */,
				18F6E2F1162278AD004556AE /* libbaidumapapi-simulator.a in Frameworks */,
				18F6E2F2162278AD004556AE /* libbaidumapapi.a in Frameworks */,
			);
			runOnlyForDeploymentPostprocessing = 0;
		};
/* End PBXFrameworksBuildPhase section */

/* Begin PBXGroup section */
		184C4FD916217D300008475F /* LH_InputButton */ = {
			isa = PBXGroup;
			children = (
				184C4FDB16217D4D0008475F /* LH_InputButton.h */,
				184C4FDC16217D4D0008475F /* LH_InputButton.m */,
			);
			name = LH_InputButton;
			sourceTree = "<group>";
		};
		1850CC4016226CD8001955EA /* LH_BaseViewController */ = {
			isa = PBXGroup;
			children = (
				1850CC4116226D2C001955EA /* LH_BarButtonItem.h */,
				1850CC4216226D2C001955EA /* LH_BarButtonItem.m */,
				1850CC4516226D86001955EA /* LH_BaseViewController.h */,
				1850CC4616226D86001955EA /* LH_BaseViewController.m */,
				1850CC4716226D86001955EA /* LH_BaseViewController.xib */,
				1850CC4A16226E99001955EA /* LH_SinaWeiboViewController.h */,
				1850CC4B16226E99001955EA /* LH_SinaWeiboViewController.m */,
				1850CC4C16226E99001955EA /* LH_SinaWeiboViewController.xib */,
			);
			name = LH_BaseViewController;
			sourceTree = "<group>";
		};
		1850CC4F16226F4F001955EA /* LH_RefrashViewController */ = {
			isa = PBXGroup;
			children = (
				1850CC5916227087001955EA /* Resource */,
				1850CC5016226FB0001955EA /* LH_RefrashViewController.h */,
				1850CC5116226FB0001955EA /* LH_RefrashViewController.m */,
				1850CC5516226FDD001955EA /* LH_RefrashView.h */,
				1850CC5616226FDD001955EA /* LH_RefrashView.m */,
			);
			name = LH_RefrashViewController;
			sourceTree = "<group>";
		};
		1850CC5916227087001955EA /* Resource */ = {
			isa = PBXGroup;
			children = (
				1850CC5A16227092001955EA /* grayArrow.png */,
				1850CC5B16227092001955EA /* grayArrow@2x.png */,
				1850CC5C16227092001955EA /* blackArrow.png */,
				1850CC5D16227092001955EA /* blackArrow@2x.png */,
				1850CC5E16227092001955EA /* blueArrow.png */,
				1850CC5F16227092001955EA /* blueArrow@2x.png */,
				1850CC6016227092001955EA /* whiteArrow.png */,
				1850CC6116227092001955EA /* whiteArrow@2x.png */,
			);
			name = Resource;
			sourceTree = "<group>";
		};
		1850CC62162270B7001955EA /* LH_TabbarItem */ = {
			isa = PBXGroup;
			children = (
				1850CC63162270DE001955EA /* LH_TabbarItem.h */,
				1850CC64162270DE001955EA /* LH_TabbarItem.m */,
			);
			name = LH_TabbarItem;
			sourceTree = "<group>";
		};
		1850CC671622712D001955EA /* LH_TabbarViewController */ = {
			isa = PBXGroup;
			children = (
				1850CC6816227142001955EA /* LH_TabbarViewController.h */,
				1850CC6916227142001955EA /* LH_TabbarViewController.m */,
			);
			name = LH_TabbarViewController;
			sourceTree = "<group>";
		};
		1850CC9916227452001955EA /* SinaWeiboSDK */ = {
			isa = PBXGroup;
			children = (
				1850CC9A1622746B001955EA /* src */,
			);
			name = SinaWeiboSDK;
			sourceTree = "<group>";
		};
		1850CC9A1622746B001955EA /* src */ = {
			isa = PBXGroup;
			children = (
				1850CC9B1622746B001955EA /* SinaWeiBoSDK */,
			);
			path = src;
			sourceTree = "<group>";
		};
		1850CC9B1622746B001955EA /* SinaWeiBoSDK */ = {
			isa = PBXGroup;
			children = (
				1850CC9C1622746B001955EA /* SinaWeiBoSDK */,
			);
			path = SinaWeiBoSDK;
			sourceTree = "<group>";
		};
		1850CC9C1622746B001955EA /* SinaWeiBoSDK */ = {
			isa = PBXGroup;
			children = (
				1850CC9D1622746B001955EA /* SinaWeiBoSDK */,
				1850CCC91622746B001955EA /* SinaWeiBoSDK-Prefix.pch */,
				1850CCCA1622746B001955EA /* SinaWeiBoSDK.h */,
				1850CCCB1622746B001955EA /* SinaWeiBoSDK.m */,
			);
			path = SinaWeiBoSDK;
			sourceTree = "<group>";
		};
		1850CC9D1622746B001955EA /* SinaWeiBoSDK */ = {
			isa = PBXGroup;
			children = (
				1850CC9E1622746B001955EA /* CTMBase64 */,
				1850CCA21622746B001955EA /* Localizable.strings */,
				1850CCA41622746B001955EA /* Resource */,
				1850CCB41622746B001955EA /* SBJSON */,
				1850CCB51622746B001955EA /* SFHFKeychainUtils */,
				1850CCB81622746B001955EA /* WBAuthorize.h */,
				1850CCB91622746B001955EA /* WBAuthorize.m */,
				1850CCBA1622746B001955EA /* WBAuthorizeWebView.h */,
				1850CCBB1622746B001955EA /* WBAuthorizeWebView.m */,
				1850CCBC1622746B001955EA /* WBEngine.h */,
				1850CCBD1622746B001955EA /* WBEngine.m */,
				1850CCBE1622746B001955EA /* WBLogInAlertView.h */,
				1850CCBF1622746B001955EA /* WBLogInAlertView.m */,
				1850CCC01622746B001955EA /* WBRequest.h */,
				1850CCC11622746B001955EA /* WBRequest.m */,
				1850CCC21622746B001955EA /* WBSDKGlobal.h */,
				1850CCC31622746B001955EA /* WBSendView.h */,
				1850CCC41622746B001955EA /* WBSendView.m */,
				1850CCC51622746B001955EA /* WBUtil.h */,
				1850CCC61622746B001955EA /* WBUtil.m */,
			);
			path = SinaWeiBoSDK;
			sourceTree = "<group>";
		};
		1850CC9E1622746B001955EA /* CTMBase64 */ = {
			isa = PBXGroup;
			children = (
				1850CC9F1622746B001955EA /* GTMBase64.h */,
				1850CCA01622746B001955EA /* GTMBase64.m */,
				1850CCA11622746B001955EA /* GTMDefines.h */,
			);
			path = CTMBase64;
			sourceTree = "<group>";
		};
		1850CCA41622746B001955EA /* Resource */ = {
			isa = PBXGroup;
			children = (
				1850CCA51622746B001955EA /* Images */,
			);
			path = Resource;
			sourceTree = "<group>";
		};
		1850CCA51622746B001955EA /* Images */ = {
			isa = PBXGroup;
			children = (
				1850CCA61622746B001955EA /* bg.png */,
				1850CCA71622746B001955EA /* bg@2x.png */,
				1850CCA81622746B001955EA /* bg_land.png */,
				1850CCA91622746B001955EA /* bg_land@2x.png */,
				1850CCAA1622746B001955EA /* btn.png */,
				1850CCAB1622746B001955EA /* btn@2x.png */,
				1850CCAC1622746B001955EA /* close.png */,
				1850CCAD1622746B001955EA /* close@2x.png */,
				1850CCAE1622746B001955EA /* close_btn.png */,
				1850CCAF1622746B001955EA /* close_btn@2x.png */,
				1850CCB01622746B001955EA /* delete.png */,
				1850CCB11622746B001955EA /* delete@2x.png */,
				1850CCB21622746B001955EA /* logo.png */,
				1850CCB31622746B001955EA /* logo@2x.png */,
			);
			path = Images;
			sourceTree = "<group>";
		};
		1850CCB41622746B001955EA /* SBJSON */ = {
			isa = PBXGroup;
			children = (
			);
			path = SBJSON;
			sourceTree = "<group>";
		};
		1850CCB51622746B001955EA /* SFHFKeychainUtils */ = {
			isa = PBXGroup;
			children = (
				1850CCB61622746B001955EA /* SFHFKeychainUtils.h */,
				1850CCB71622746B001955EA /* SFHFKeychainUtils.m */,
			);
			path = SFHFKeychainUtils;
			sourceTree = "<group>";
		};
		1850CCE61622762A001955EA /* LH_MapView */ = {
			isa = PBXGroup;
			children = (
				1850CCE81622763A001955EA /* LH_BaiduMapView */,
			);
			name = LH_MapView;
			sourceTree = "<group>";
		};
		1850CCE81622763A001955EA /* LH_BaiduMapView */ = {
			isa = PBXGroup;
			children = (
				1850CCEA16227695001955EA /* MyAnnotation.h */,
				1850CCEB16227695001955EA /* MyAnnotation.m */,
				1850CCEC16227695001955EA /* BMapKit.h */,
				1850CCED16227695001955EA /* BMKAnnotation.h */,
				1850CCEE16227695001955EA /* BMKAnnotationView.h */,
				1850CCEF16227695001955EA /* BMKCircle.h */,
				1850CCF016227695001955EA /* BMKCircleView.h */,
				1850CCF116227695001955EA /* BMKGeneralDelegate.h */,
				1850CCF216227695001955EA /* BMKGeocodeType.h */,
				1850CCF316227695001955EA /* BMKGeometry.h */,
				1850CCF416227695001955EA /* BMKMapManager.h */,
				1850CCF516227695001955EA /* BMKMapView.h */,
				1850CCF616227695001955EA /* BMKMultiPoint.h */,
				1850CCF716227695001955EA /* BMKOverlay.h */,
				1850CCF816227695001955EA /* BMKOverlayPathView.h */,
				1850CCF916227695001955EA /* BMKOverlayView.h */,
				1850CCFA16227695001955EA /* BMKPinAnnotationView.h */,
				1850CCFB16227695001955EA /* BMKPointAnnotation.h */,
				1850CCFC16227695001955EA /* BMKPoiSearchType.h */,
				1850CCFD16227695001955EA /* BMKPolygon.h */,
				1850CCFE16227695001955EA /* BMKPolygonView.h */,
				1850CCFF16227695001955EA /* BMKPolyline.h */,
				1850CD0016227695001955EA /* BMKPolylineView.h */,
				1850CD0116227695001955EA /* BMKRouteSearchType.h */,
				1850CD0216227695001955EA /* BMKSearch.h */,
				1850CD0316227695001955EA /* BMKShape.h */,
				1850CD0416227695001955EA /* BMKTypes.h */,
				1850CD0516227695001955EA /* BMKUserLocation.h */,
				1850CD0616227695001955EA /* BMKVersion.h */,
				1850CD0716227695001955EA /* mapapi.bundle */,
			);
			name = LH_BaiduMapView;
			sourceTree = "<group>";
		};
		1877F7A116215CE600686230 /* LH_Image */ = {
			isa = PBXGroup;
			children = (
				1877F7A416215D2800686230 /* ScaleSize */,
			);
			name = LH_Image;
			sourceTree = "<group>";
		};
		1877F7A316215D0100686230 /* RegexKitLite */ = {
			isa = PBXGroup;
			children = (
				1877F7E71621651600686230 /* RegexKitLite.h */,
				1877F7E81621651600686230 /* RegexKitLite.m */,
			);
			name = RegexKitLite;
			sourceTree = "<group>";
		};
		1877F7A416215D2800686230 /* ScaleSize */ = {
			isa = PBXGroup;
			children = (
				1877F7A516215D4C00686230 /* UIImage+CustomSize.h */,
				1877F7A616215D4C00686230 /* UIImage+CustomSize.m */,
			);
			name = ScaleSize;
			sourceTree = "<group>";
		};
		1877F7A916215D6800686230 /* LH_Color */ = {
			isa = PBXGroup;
			children = (
				1877F7AA16215D7500686230 /* htmlcolor */,
			);
			name = LH_Color;
			sourceTree = "<group>";
		};
		1877F7AA16215D7500686230 /* htmlcolor */ = {
			isa = PBXGroup;
			children = (
				1877F7CC16215EFB00686230 /* LH_HtmlColor.h */,
				1877F7CD16215EFB00686230 /* LH_HtmlColor.m */,
			);
			name = htmlcolor;
			sourceTree = "<group>";
		};
		1877F7AF16215DA300686230 /* LH_SearchBar */ = {
			isa = PBXGroup;
			children = (
				1877F7D2162161D300686230 /* LH_SearchBar.h */,
				1877F7D3162161D300686230 /* LH_SearchBar.m */,
				1849CD4216228132001CCFE6 /* LH_CustomSearchBar.h */,
				1849CD4316228132001CCFE6 /* LH_CustomSearchBar.m */,
			);
			name = LH_SearchBar;
			sourceTree = "<group>";
		};
		1877F7B016215DA800686230 /* LH_ScrollView */ = {
			isa = PBXGroup;
			children = (
				1877F7DB1621636000686230 /* LH_ScrollView+CustomScrollBar.h */,
				1877F7DC1621636000686230 /* LH_ScrollView+CustomScrollBar.m */,
			);
			name = LH_ScrollView;
			sourceTree = "<group>";
		};
		1877F7B116215DAA00686230 /* searchbar */ = {
			isa = PBXGroup;
			children = (
				1877F7D91621629700686230 /* search.png */,
				1877F7DA1621629700686230 /* search1.png */,
				1877F7D81621627E00686230 /* searchbg.png */,
			);
			name = searchbar;
			sourceTree = "<group>";
		};
		1877F7DF1621645800686230 /* scrollbar */ = {
			isa = PBXGroup;
			children = (
				1877F7E01621646C00686230 /* scroll_v.png */,
				1877F7E11621646C00686230 /* scroll_h.png */,
			);
			name = scrollbar;
			sourceTree = "<group>";
		};
		1877F7E2162164A300686230 /* LH_WebView */ = {
			isa = PBXGroup;
			children = (
				1877F7E3162164BD00686230 /* LH_WebView.h */,
				1877F7E4162164BD00686230 /* LH_WebView.m */,
			);
			name = LH_WebView;
			sourceTree = "<group>";
		};
		1877F7EB1621652E00686230 /* LH_LoadingView */ = {
			isa = PBXGroup;
			children = (
				1877F7EC1621657500686230 /* LHProgressHUD.h */,
				1877F7ED1621657500686230 /* LHProgressHUD.m */,
				1877F7F0162165AF00686230 /* LH_NativeLoadingView.h */,
				1877F7F1162165AF00686230 /* LH_NativeLoadingView.m */,
			);
			name = LH_LoadingView;
			sourceTree = "<group>";
		};
		1877F7F4162166C000686230 /* LH_TableView */ = {
			isa = PBXGroup;
			children = (
				1877F7F5162166DA00686230 /* LH_TableView.h */,
				1877F7F6162166DA00686230 /* LH_TableView.m */,
			);
			name = LH_TableView;
			sourceTree = "<group>";
		};
		1877F7F91621679200686230 /* JSON */ = {
			isa = PBXGroup;
			children = (
				1850CC7F16227443001955EA /* JSON.h */,
				1850CC8016227443001955EA /* NSObject+SBJSON.h */,
				1850CC8116227443001955EA /* NSObject+SBJSON.m */,
				1850CC8216227443001955EA /* NSString+SBJSON.h */,
				1850CC8316227443001955EA /* NSString+SBJSON.m */,
				1850CC8416227443001955EA /* SBJSON.h */,
				1850CC8516227443001955EA /* SBJSON.m */,
				1850CC8616227443001955EA /* SBJsonBase.h */,
				1850CC8716227443001955EA /* SBJsonBase.m */,
				1850CC8816227443001955EA /* SBJsonParser.h */,
				1850CC8916227443001955EA /* SBJsonParser.m */,
				1850CC8A16227443001955EA /* SBJsonWriter.h */,
				1850CC8B16227443001955EA /* SBJsonWriter.m */,
			);
			name = JSON;
			sourceTree = "<group>";
		};
		1877F8141621680600686230 /* LH_Tree */ = {
			isa = PBXGroup;
			children = (
				1877F8151621688B00686230 /* LH_TreeNode.h */,
				1877F8161621688B00686230 /* LH_TreeNode.m */,
				1877F8191621695C00686230 /* LH_TreeViewCell.h */,
				1877F81A1621695C00686230 /* LH_TreeViewCell.m */,
				1877F81D16216AB400686230 /* LH_TreeViewController.h */,
				1877F81E16216AB400686230 /* LH_TreeViewController.m */,
			);
			name = LH_Tree;
			sourceTree = "<group>";
		};
		1877F8B216216EA300686230 /* LH_DownImage */ = {
			isa = PBXGroup;
			children = (
				1877F8C216216F9100686230 /* ImageView */,
				1877F8B916216F5500686230 /* ImageLoader */,
				1877F8B816216F4700686230 /* ImageButton */,
				1877F8B716216F3900686230 /* Cache */,
			);
			name = LH_DownImage;
			sourceTree = "<group>";
		};
		1877F8B716216F3900686230 /* Cache */ = {
			isa = PBXGroup;
			children = (
				1877F8B316216ED400686230 /* LH_ImageCache.h */,
				1877F8B416216ED400686230 /* LH_ImageCache.m */,
			);
			name = Cache;
			sourceTree = "<group>";
		};
		1877F8B816216F4700686230 /* ImageButton */ = {
			isa = PBXGroup;
			children = (
				1877F8BE16216F8300686230 /* LH_ImageButton.h */,
				1877F8BF16216F8300686230 /* LH_ImageButton.m */,
			);
			name = ImageButton;
			sourceTree = "<group>";
		};
		1877F8B916216F5500686230 /* ImageLoader */ = {
			isa = PBXGroup;
			children = (
				1877F8BA16216F7400686230 /* LH_ImageLoader.h */,
				1877F8BB16216F7400686230 /* LH_ImageLoader.m */,
				1877F8C7162170B100686230 /* LH_ImageLoadConnection.h */,
				1877F8C8162170B200686230 /* LH_ImageLoadConnection.m */,
			);
			name = ImageLoader;
			sourceTree = "<group>";
		};
		1877F8C216216F9100686230 /* ImageView */ = {
			isa = PBXGroup;
			children = (
				1877F8C316216FA700686230 /* LH_ImageView.h */,
				1877F8C416216FA700686230 /* LH_ImageView.m */,
			);
			name = ImageView;
			sourceTree = "<group>";
		};
		1877F8CB16217A6200686230 /* LHDataBase */ = {
			isa = PBXGroup;
			children = (
				1877F8CC16217A7D00686230 /* LH_DataBase.h */,
				1877F8CD16217A7D00686230 /* LH_DataBase.m */,
				1877F8D216217B2500686230 /* LH_ParserNode.h */,
				1877F8D316217B2500686230 /* LH_ParserNode.m */,
				1877F8D616217B3D00686230 /* LH_XMLParser.h */,
				1877F8D716217B3D00686230 /* LH_XMLParser.m */,
				1850CC3B16226C0E001955EA /* LH_RequestParser.h */,
				1850CC3C16226C0E001955EA /* LH_RequestParser.m */,
			);
			name = LHDataBase;
			sourceTree = "<group>";
		};
		18E3F4A716212E93008C4311 = {
			isa = PBXGroup;
			children = (
				18E3F4B716212E93008C4311 /* LH_Library */,
				18E3F4B416212E93008C4311 /* Frameworks */,
				18E3F4B316212E93008C4311 /* Products */,
			);
			sourceTree = "<group>";
		};
		18E3F4B316212E93008C4311 /* Products */ = {
			isa = PBXGroup;
			children = (
				18E3F4B216212E93008C4311 /* libLH_Library.a */,
			);
			name = Products;
			sourceTree = "<group>";
		};
		18E3F4B416212E93008C4311 /* Frameworks */ = {
			isa = PBXGroup;
			children = (
				18F6E2EF162278AD004556AE /* libbaidumapapi-simulator.a */,
				18F6E2F0162278AD004556AE /* libbaidumapapi.a */,
				18F6E2DE16227815004556AE /* MapKit.framework */,
				1877F7D6162161F900686230 /* QuartzCore.framework */,
				1877F7D016215F8A00686230 /* UIKit.framework */,
				1877F8D016217ACD00686230 /* PlausibleDatabase.framework */,
				18E3F4B516212E93008C4311 /* Foundation.framework */,
			);
			name = Frameworks;
			sourceTree = "<group>";
		};
		18E3F4B716212E93008C4311 /* LH_Library */ = {
			isa = PBXGroup;
			children = (
				1850CCE61622762A001955EA /* LH_MapView */,
				1850CC9916227452001955EA /* SinaWeiboSDK */,
				1850CC671622712D001955EA /* LH_TabbarViewController */,
				1850CC62162270B7001955EA /* LH_TabbarItem */,
				1850CC4F16226F4F001955EA /* LH_RefrashViewController */,
				1850CC4016226CD8001955EA /* LH_BaseViewController */,
				184C4FD916217D300008475F /* LH_InputButton */,
				1877F8CB16217A6200686230 /* LHDataBase */,
				1877F8B216216EA300686230 /* LH_DownImage */,
				1877F8141621680600686230 /* LH_Tree */,
				1877F7F91621679200686230 /* JSON */,
				1877F7F4162166C000686230 /* LH_TableView */,
				1877F7EB1621652E00686230 /* LH_LoadingView */,
				1877F7E2162164A300686230 /* LH_WebView */,
				1877F7B016215DA800686230 /* LH_ScrollView */,
				1877F7AF16215DA300686230 /* LH_SearchBar */,
				1877F7A916215D6800686230 /* LH_Color */,
				1877F7A316215D0100686230 /* RegexKitLite */,
				1877F7A116215CE600686230 /* LH_Image */,
				18E3F4C216212EA2008C4311 /* LH_Library.m */,
				18E3F4C316212EA2008C4311 /* LH_Library.h */,
				18E3F4B816212E93008C4311 /* Supporting Files */,
			);
			path = LH_Library;
			sourceTree = "<group>";
		};
		18E3F4B816212E93008C4311 /* Supporting Files */ = {
			isa = PBXGroup;
			children = (
				1877F7DF1621645800686230 /* scrollbar */,
				1877F7B116215DAA00686230 /* searchbar */,
				18E3F4B916212E93008C4311 /* LH_Library-Prefix.pch */,
			);
			name = "Supporting Files";
			sourceTree = "<group>";
		};
/* End PBXGroup section */

/* Begin PBXHeadersBuildPhase section */
		18E3F4B016212E93008C4311 /* Headers */ = {
			isa = PBXHeadersBuildPhase;
			buildActionMask = 2147483647;
			files = (
				18E3F4C516212EA2008C4311 /* LH_Library.h in Headers */,
				1877F7A716215D4C00686230 /* UIImage+CustomSize.h in Headers */,
				1877F7CE16215EFB00686230 /* LH_HtmlColor.h in Headers */,
				1877F7D4162161D300686230 /* LH_SearchBar.h in Headers */,
				1877F7DD1621636000686230 /* LH_ScrollView+CustomScrollBar.h in Headers */,
				1877F7E5162164BD00686230 /* LH_WebView.h in Headers */,
				1877F7E91621651600686230 /* RegexKitLite.h in Headers */,
				1877F7EE1621657500686230 /* LHProgressHUD.h in Headers */,
				1877F7F2162165B000686230 /* LH_NativeLoadingView.h in Headers */,
				1877F7F7162166DA00686230 /* LH_TableView.h in Headers */,
				1877F8171621688B00686230 /* LH_TreeNode.h in Headers */,
				1877F81B1621695C00686230 /* LH_TreeViewCell.h in Headers */,
				1877F81F16216AB400686230 /* LH_TreeViewController.h in Headers */,
				1877F8B516216ED400686230 /* LH_ImageCache.h in Headers */,
				1877F8BC16216F7400686230 /* LH_ImageLoader.h in Headers */,
				1877F8C016216F8300686230 /* LH_ImageButton.h in Headers */,
				1877F8C516216FA700686230 /* LH_ImageView.h in Headers */,
				1877F8C9162170B200686230 /* LH_ImageLoadConnection.h in Headers */,
				1877F8CE16217A7D00686230 /* LH_DataBase.h in Headers */,
				1877F8D416217B2600686230 /* LH_ParserNode.h in Headers */,
				1877F8D816217B3D00686230 /* LH_XMLParser.h in Headers */,
				184C4FDD16217D4D0008475F /* LH_InputButton.h in Headers */,
				1850CC3D16226C0E001955EA /* LH_RequestParser.h in Headers */,
				1850CC4316226D2C001955EA /* LH_BarButtonItem.h in Headers */,
				1850CC4816226D86001955EA /* LH_BaseViewController.h in Headers */,
				1850CC4D16226E99001955EA /* LH_SinaWeiboViewController.h in Headers */,
				1850CC5316226FB0001955EA /* LH_RefrashViewController.h in Headers */,
				1850CC5716226FDD001955EA /* LH_RefrashView.h in Headers */,
				1850CC65162270DE001955EA /* LH_TabbarItem.h in Headers */,
				1850CC6A16227142001955EA /* LH_TabbarViewController.h in Headers */,
				1850CC8C16227443001955EA /* JSON.h in Headers */,
				1850CC8D16227443001955EA /* NSObject+SBJSON.h in Headers */,
				1850CC8F16227443001955EA /* NSString+SBJSON.h in Headers */,
				1850CC9116227443001955EA /* SBJSON.h in Headers */,
				1850CC9316227443001955EA /* SBJsonBase.h in Headers */,
				1850CC9516227443001955EA /* SBJsonParser.h in Headers */,
				1850CC9716227443001955EA /* SBJsonWriter.h in Headers */,
				1850CCCC1622746B001955EA /* GTMBase64.h in Headers */,
				1850CCCE1622746B001955EA /* GTMDefines.h in Headers */,
				1850CCCF1622746B001955EA /* SFHFKeychainUtils.h in Headers */,
				1850CCD11622746B001955EA /* WBAuthorize.h in Headers */,
				1850CCD31622746B001955EA /* WBAuthorizeWebView.h in Headers */,
				1850CCD51622746B001955EA /* WBEngine.h in Headers */,
				1850CCD71622746B001955EA /* WBLogInAlertView.h in Headers */,
				1850CCD91622746B001955EA /* WBRequest.h in Headers */,
				1850CCDB1622746B001955EA /* WBSDKGlobal.h in Headers */,
				1850CCDC1622746B001955EA /* WBSendView.h in Headers */,
				1850CCDE1622746B001955EA /* WBUtil.h in Headers */,
				1850CCE01622746B001955EA /* SinaWeiBoSDK-Prefix.pch in Headers */,
				1850CCE11622746B001955EA /* SinaWeiBoSDK.h in Headers */,
				1850CD0816227695001955EA /* MyAnnotation.h in Headers */,
				1850CD0A16227695001955EA /* BMapKit.h in Headers */,
				1850CD0B16227695001955EA /* BMKAnnotation.h in Headers */,
				1850CD0C16227695001955EA /* BMKAnnotationView.h in Headers */,
				1850CD0D16227695001955EA /* BMKCircle.h in Headers */,
				1850CD0E16227695001955EA /* BMKCircleView.h in Headers */,
				1850CD0F16227695001955EA /* BMKGeneralDelegate.h in Headers */,
				1850CD1016227695001955EA /* BMKGeocodeType.h in Headers */,
				1850CD1116227695001955EA /* BMKGeometry.h in Headers */,
				1850CD1216227695001955EA /* BMKMapManager.h in Headers */,
				1850CD1316227695001955EA /* BMKMapView.h in Headers */,
				1850CD1416227695001955EA /* BMKMultiPoint.h in Headers */,
				1850CD1516227695001955EA /* BMKOverlay.h in Headers */,
				1850CD1616227695001955EA /* BMKOverlayPathView.h in Headers */,
				1850CD1716227695001955EA /* BMKOverlayView.h in Headers */,
				1850CD1816227695001955EA /* BMKPinAnnotationView.h in Headers */,
				1850CD1916227695001955EA /* BMKPointAnnotation.h in Headers */,
				1850CD1A16227695001955EA /* BMKPoiSearchType.h in Headers */,
				1850CD1B16227695001955EA /* BMKPolygon.h in Headers */,
				1850CD1C16227695001955EA /* BMKPolygonView.h in Headers */,
				1850CD1D16227695001955EA /* BMKPolyline.h in Headers */,
				1850CD1E16227695001955EA /* BMKPolylineView.h in Headers */,
				1850CD1F16227695001955EA /* BMKRouteSearchType.h in Headers */,
				1850CD2016227695001955EA /* BMKSearch.h in Headers */,
				1850CD2116227695001955EA /* BMKShape.h in Headers */,
				1850CD2216227695001955EA /* BMKTypes.h in Headers */,
				1850CD2316227695001955EA /* BMKUserLocation.h in Headers */,
				1850CD2416227695001955EA /* BMKVersion.h in Headers */,
				1849CD4416228132001CCFE6 /* LH_CustomSearchBar.h in Headers */,
			);
			runOnlyForDeploymentPostprocessing = 0;
		};
/* End PBXHeadersBuildPhase section */

/* Begin PBXNativeTarget section */
		18E3F4B116212E93008C4311 /* LH_Library */ = {
			isa = PBXNativeTarget;
			buildConfigurationList = 18E3F4BF16212E93008C4311 /* Build configuration list for PBXNativeTarget "LH_Library" */;
			buildPhases = (
				18E3F4AE16212E93008C4311 /* Sources */,
				18E3F4AF16212E93008C4311 /* Frameworks */,
				18E3F4B016212E93008C4311 /* Headers */,
			);
			buildRules = (
			);
			dependencies = (
			);
			name = LH_Library;
			productName = LH_Library;
			productReference = 18E3F4B216212E93008C4311 /* libLH_Library.a */;
			productType = "com.apple.product-type.library.static";
		};
/* End PBXNativeTarget section */

/* Begin PBXProject section */
		18E3F4A916212E93008C4311 /* Project object */ = {
			isa = PBXProject;
			attributes = {
				LastUpgradeCheck = 0420;
			};
			buildConfigurationList = 18E3F4AC16212E93008C4311 /* Build configuration list for PBXProject "LH_Library" */;
			compatibilityVersion = "Xcode 3.2";
			developmentRegion = English;
			hasScannedForEncodings = 0;
			knownRegions = (
				en,
				"zh-Hans",
				"zh-Hant",
			);
			mainGroup = 18E3F4A716212E93008C4311;
			productRefGroup = 18E3F4B316212E93008C4311 /* Products */;
			projectDirPath = "";
			projectRoot = "";
			targets = (
				18E3F4B116212E93008C4311 /* LH_Library */,
			);
		};
/* End PBXProject section */

/* Begin PBXSourcesBuildPhase section */
		18E3F4AE16212E93008C4311 /* Sources */ = {
			isa = PBXSourcesBuildPhase;
			buildActionMask = 2147483647;
			files = (
				18E3F4C416212EA2008C4311 /* LH_Library.m in Sources */,
				1877F7A816215D4C00686230 /* UIImage+CustomSize.m in Sources */,
				1877F7CF16215EFB00686230 /* LH_HtmlColor.m in Sources */,
				1877F7D5162161D300686230 /* LH_SearchBar.m in Sources */,
				1877F7DE1621636000686230 /* LH_ScrollView+CustomScrollBar.m in Sources */,
				1877F7E6162164BD00686230 /* LH_WebView.m in Sources */,
				1877F7EA1621651600686230 /* RegexKitLite.m in Sources */,
				1877F7EF1621657500686230 /* LHProgressHUD.m in Sources */,
				1877F7F3162165B000686230 /* LH_NativeLoadingView.m in Sources */,
				1877F7F8162166DA00686230 /* LH_TableView.m in Sources */,
				1877F8181621688B00686230 /* LH_TreeNode.m in Sources */,
				1877F81C1621695C00686230 /* LH_TreeViewCell.m in Sources */,
				1877F82016216AB400686230 /* LH_TreeViewController.m in Sources */,
				1877F8B616216ED400686230 /* LH_ImageCache.m in Sources */,
				1877F8BD16216F7400686230 /* LH_ImageLoader.m in Sources */,
				1877F8C116216F8300686230 /* LH_ImageButton.m in Sources */,
				1877F8C616216FA700686230 /* LH_ImageView.m in Sources */,
				1877F8CA162170B200686230 /* LH_ImageLoadConnection.m in Sources */,
				1877F8CF16217A7D00686230 /* LH_DataBase.m in Sources */,
				1877F8D516217B2600686230 /* LH_ParserNode.m in Sources */,
				1877F8D916217B3D00686230 /* LH_XMLParser.m in Sources */,
				184C4FDE16217D4D0008475F /* LH_InputButton.m in Sources */,
				1850CC3E16226C0E001955EA /* LH_RequestParser.m in Sources */,
				1850CC4416226D2C001955EA /* LH_BarButtonItem.m in Sources */,
				1850CC4916226D86001955EA /* LH_BaseViewController.m in Sources */,
				1850CC4E16226E99001955EA /* LH_SinaWeiboViewController.m in Sources */,
				1850CC5416226FB0001955EA /* LH_RefrashViewController.m in Sources */,
				1850CC5816226FDD001955EA /* LH_RefrashView.m in Sources */,
				1850CC66162270DE001955EA /* LH_TabbarItem.m in Sources */,
				1850CC6B16227142001955EA /* LH_TabbarViewController.m in Sources */,
				1850CC8E16227443001955EA /* NSObject+SBJSON.m in Sources */,
				1850CC9016227443001955EA /* NSString+SBJSON.m in Sources */,
				1850CC9216227443001955EA /* SBJSON.m in Sources */,
				1850CC9416227443001955EA /* SBJsonBase.m in Sources */,
				1850CC9616227443001955EA /* SBJsonParser.m in Sources */,
				1850CC9816227443001955EA /* SBJsonWriter.m in Sources */,
				1850CCCD1622746B001955EA /* GTMBase64.m in Sources */,
				1850CCD01622746B001955EA /* SFHFKeychainUtils.m in Sources */,
				1850CCD21622746B001955EA /* WBAuthorize.m in Sources */,
				1850CCD41622746B001955EA /* WBAuthorizeWebView.m in Sources */,
				1850CCD61622746B001955EA /* WBEngine.m in Sources */,
				1850CCD81622746B001955EA /* WBLogInAlertView.m in Sources */,
				1850CCDA1622746B001955EA /* WBRequest.m in Sources */,
				1850CCDD1622746B001955EA /* WBSendView.m in Sources */,
				1850CCDF1622746B001955EA /* WBUtil.m in Sources */,
				1850CCE21622746B001955EA /* SinaWeiBoSDK.m in Sources */,
				1850CD0916227695001955EA /* MyAnnotation.m in Sources */,
				1849CD4516228132001CCFE6 /* LH_CustomSearchBar.m in Sources */,
			);
			runOnlyForDeploymentPostprocessing = 0;
		};
/* End PBXSourcesBuildPhase section */

/* Begin PBXVariantGroup section */
		1850CCA21622746B001955EA /* Localizable.strings */ = {
			isa = PBXVariantGroup;
			children = (
				1850CCA31622746B001955EA /* en */,
				1850CCC71622746B001955EA /* zh-Hans */,
				1850CCC81622746B001955EA /* zh-Hant */,
			);
			name = Localizable.strings;
			sourceTree = "<group>";
		};
/* End PBXVariantGroup section */

/* Begin XCBuildConfiguration section */
		18E3F4BD16212E93008C4311 /* Debug */ = {
			isa = XCBuildConfiguration;
			buildSettings = {
				ALWAYS_SEARCH_USER_PATHS = NO;
				ARCHS = "$(ARCHS_STANDARD_32_BIT)";
				COPY_PHASE_STRIP = NO;
				GCC_C_LANGUAGE_STANDARD = gnu99;
				GCC_DYNAMIC_NO_PIC = NO;
				GCC_OPTIMIZATION_LEVEL = 0;
				GCC_PREPROCESSOR_DEFINITIONS = (
					"DEBUG=1",
					"$(inherited)",
				);
				GCC_SYMBOLS_PRIVATE_EXTERN = NO;
				GCC_VERSION = com.apple.compilers.llvm.clang.1_0;
				GCC_WARN_ABOUT_MISSING_PROTOTYPES = YES;
				GCC_WARN_ABOUT_RETURN_TYPE = YES;
				GCC_WARN_UNUSED_VARIABLE = YES;
				IPHONEOS_DEPLOYMENT_TARGET = 5.0;
				SDKROOT = iphoneos;
			};
			name = Debug;
		};
		18E3F4BE16212E93008C4311 /* Release */ = {
			isa = XCBuildConfiguration;
			buildSettings = {
				ALWAYS_SEARCH_USER_PATHS = NO;
				ARCHS = "$(ARCHS_STANDARD_32_BIT)";
				COPY_PHASE_STRIP = YES;
				GCC_C_LANGUAGE_STANDARD = gnu99;
				GCC_VERSION = com.apple.compilers.llvm.clang.1_0;
				GCC_WARN_ABOUT_MISSING_PROTOTYPES = YES;
				GCC_WARN_ABOUT_RETURN_TYPE = YES;
				GCC_WARN_UNUSED_VARIABLE = YES;
				IPHONEOS_DEPLOYMENT_TARGET = 5.0;
				SDKROOT = iphoneos;
				VALIDATE_PRODUCT = YES;
			};
			name = Release;
		};
		18E3F4C016212E93008C4311 /* Debug */ = {
			isa = XCBuildConfiguration;
			buildSettings = {
				DSTROOT = /tmp/LH_Library.dst;
				FRAMEWORK_SEARCH_PATHS = (
					"$(inherited)",
					"\"$(SRCROOT)\"",
				);
				GCC_PRECOMPILE_PREFIX_HEADER = YES;
				GCC_PREFIX_HEADER = "LH_Library/LH_Library-Prefix.pch";
				HEADER_SEARCH_PATHS = "";
				LIBRARY_SEARCH_PATHS = (
					"$(inherited)",
					"\"$(SRCROOT)\"",
					"\"$(SRCROOT)/../companyproject/雅培/YaPeiAppProject\"",
				);
				OTHER_LDFLAGS = "-ObjC";
				PRODUCT_NAME = "$(TARGET_NAME)";
				SKIP_INSTALL = YES;
			};
			name = Debug;
		};
		18E3F4C116212E93008C4311 /* Release */ = {
			isa = XCBuildConfiguration;
			buildSettings = {
				DSTROOT = /tmp/LH_Library.dst;
				FRAMEWORK_SEARCH_PATHS = (
					"$(inherited)",
					"\"$(SRCROOT)\"",
				);
				GCC_PRECOMPILE_PREFIX_HEADER = YES;
				GCC_PREFIX_HEADER = "LH_Library/LH_Library-Prefix.pch";
				HEADER_SEARCH_PATHS = "";
				LIBRARY_SEARCH_PATHS = (
					"$(inherited)",
					"\"$(SRCROOT)\"",
					"\"$(SRCROOT)/../companyproject/雅培/YaPeiAppProject\"",
				);
				OTHER_LDFLAGS = "-ObjC";
				PRODUCT_NAME = "$(TARGET_NAME)";
				SKIP_INSTALL = YES;
			};
			name = Release;
		};
/* End XCBuildConfiguration section */

/* Begin XCConfigurationList section */
		18E3F4AC16212E93008C4311 /* Build configuration list for PBXProject "LH_Library" */ = {
			isa = XCConfigurationList;
			buildConfigurations = (
				18E3F4BD16212E93008C4311 /* Debug */,
				18E3F4BE16212E93008C4311 /* Release */,
			);
			defaultConfigurationIsVisible = 0;
			defaultConfigurationName = Release;
		};
		18E3F4BF16212E93008C4311 /* Build configuration list for PBXNativeTarget "LH_Library" */ = {
			isa = XCConfigurationList;
			buildConfigurations = (
				18E3F4C016212E93008C4311 /* Debug */,
				18E3F4C116212E93008C4311 /* Release */,
			);
			defaultConfigurationIsVisible = 0;
			defaultConfigurationName = Release;
		};
/* End XCConfigurationList section */
	};
	rootObject = 18E3F4A916212E93008C4311 /* Project object */;
}
